// !$*UTF8*$!
{
	archiveVersion = 1;
	classes = {
	};
	objectVersion = 56;
	objects = {

/* Begin PBXBuildFile section */
		220C64982A824F2500CA12B3 /* AppDelegate.swift in Sources */ = {isa = PBXBuildFile; fileRef = 220C64972A824F2500CA12B3 /* AppDelegate.swift */; };
		220C649A2A824F2500CA12B3 /* SceneDelegate.swift in Sources */ = {isa = PBXBuildFile; fileRef = 220C64992A824F2500CA12B3 /* SceneDelegate.swift */; };
		220C649C2A824F2500CA12B3 /* ViewController.swift in Sources */ = {isa = PBXBuildFile; fileRef = 220C649B2A824F2500CA12B3 /* ViewController.swift */; };
		220C649F2A824F2500CA12B3 /* Main.storyboard in Resources */ = {isa = PBXBuildFile; fileRef = 220C649D2A824F2500CA12B3 /* Main.storyboard */; };
		220C64A22A824F2500CA12B3 /* PlayRadar.xcdatamodeld in Sources */ = {isa = PBXBuildFile; fileRef = 220C64A02A824F2500CA12B3 /* PlayRadar.xcdatamodeld */; };
		220C64A42A824F2700CA12B3 /* Assets.xcassets in Resources */ = {isa = PBXBuildFile; fileRef = 220C64A32A824F2700CA12B3 /* Assets.xcassets */; };
		220C64A72A824F2700CA12B3 /* LaunchScreen.storyboard in Resources */ = {isa = PBXBuildFile; fileRef = 220C64A52A824F2700CA12B3 /* LaunchScreen.storyboard */; };
		220C64B22A824F2700CA12B3 /* GameCellTests.swift in Sources */ = {isa = PBXBuildFile; fileRef = 220C64B12A824F2700CA12B3 /* GameCellTests.swift */; };
		220C64BC2A824F2700CA12B3 /* PlayRadarUITests.swift in Sources */ = {isa = PBXBuildFile; fileRef = 220C64BB2A824F2700CA12B3 /* PlayRadarUITests.swift */; };
		220C64BE2A824F2700CA12B3 /* PlayRadarUITestsLaunchTests.swift in Sources */ = {isa = PBXBuildFile; fileRef = 220C64BD2A824F2700CA12B3 /* PlayRadarUITestsLaunchTests.swift */; };
		220C64CB2A82501100CA12B3 /* GameCell.swift in Sources */ = {isa = PBXBuildFile; fileRef = 220C64CA2A82501100CA12B3 /* GameCell.swift */; };
		220C64CD2A82502400CA12B3 /* GameModel.swift in Sources */ = {isa = PBXBuildFile; fileRef = 220C64CC2A82502400CA12B3 /* GameModel.swift */; };
		220C64CF2A8250DB00CA12B3 /* UIImageView+Extension.swift in Sources */ = {isa = PBXBuildFile; fileRef = 220C64CE2A8250DB00CA12B3 /* UIImageView+Extension.swift */; };
		220C64D12A8251EB00CA12B3 /* PreviewContainer.swift in Sources */ = {isa = PBXBuildFile; fileRef = 220C64D02A8251EB00CA12B3 /* PreviewContainer.swift */; };
		220C64DE2A830A5200CA12B3 /* PlayRadarCore.docc in Sources */ = {isa = PBXBuildFile; fileRef = 220C64DD2A830A5200CA12B3 /* PlayRadarCore.docc */; };
		220C64E42A830A5200CA12B3 /* PlayRadarCore.framework in Frameworks */ = {isa = PBXBuildFile; fileRef = 220C64DA2A830A5100CA12B3 /* PlayRadarCore.framework */; };
		220C64EB2A830A5200CA12B3 /* PlayRadarCoreTests.swift in Sources */ = {isa = PBXBuildFile; fileRef = 220C64EA2A830A5200CA12B3 /* PlayRadarCoreTests.swift */; };
		220C64EC2A830A5200CA12B3 /* PlayRadarCore.h in Headers */ = {isa = PBXBuildFile; fileRef = 220C64DC2A830A5200CA12B3 /* PlayRadarCore.h */; settings = {ATTRIBUTES = (Public, ); }; };
		220C64EF2A830A5200CA12B3 /* PlayRadarCore.framework in Frameworks */ = {isa = PBXBuildFile; fileRef = 220C64DA2A830A5100CA12B3 /* PlayRadarCore.framework */; };
		220C64F02A830A5200CA12B3 /* PlayRadarCore.framework in Embed Frameworks */ = {isa = PBXBuildFile; fileRef = 220C64DA2A830A5100CA12B3 /* PlayRadarCore.framework */; settings = {ATTRIBUTES = (CodeSignOnCopy, RemoveHeadersOnCopy, ); }; };
/* End PBXBuildFile section */

/* Begin PBXContainerItemProxy section */
		220C64AE2A824F2700CA12B3 /* PBXContainerItemProxy */ = {
			isa = PBXContainerItemProxy;
			containerPortal = 220C648C2A824F2500CA12B3 /* Project object */;
			proxyType = 1;
			remoteGlobalIDString = 220C64932A824F2500CA12B3;
			remoteInfo = PlayRadar;
		};
		220C64B82A824F2700CA12B3 /* PBXContainerItemProxy */ = {
			isa = PBXContainerItemProxy;
			containerPortal = 220C648C2A824F2500CA12B3 /* Project object */;
			proxyType = 1;
			remoteGlobalIDString = 220C64932A824F2500CA12B3;
			remoteInfo = PlayRadar;
		};
		220C64E52A830A5200CA12B3 /* PBXContainerItemProxy */ = {
			isa = PBXContainerItemProxy;
			containerPortal = 220C648C2A824F2500CA12B3 /* Project object */;
			proxyType = 1;
			remoteGlobalIDString = 220C64D92A830A5100CA12B3;
			remoteInfo = PlayRadarCore;
		};
		220C64E72A830A5200CA12B3 /* PBXContainerItemProxy */ = {
			isa = PBXContainerItemProxy;
			containerPortal = 220C648C2A824F2500CA12B3 /* Project object */;
			proxyType = 1;
			remoteGlobalIDString = 220C64932A824F2500CA12B3;
			remoteInfo = PlayRadar;
		};
		220C64ED2A830A5200CA12B3 /* PBXContainerItemProxy */ = {
			isa = PBXContainerItemProxy;
			containerPortal = 220C648C2A824F2500CA12B3 /* Project object */;
			proxyType = 1;
			remoteGlobalIDString = 220C64D92A830A5100CA12B3;
			remoteInfo = PlayRadarCore;
		};
/* End PBXContainerItemProxy section */

/* Begin PBXCopyFilesBuildPhase section */
		220C64F42A830A5200CA12B3 /* Embed Frameworks */ = {
			isa = PBXCopyFilesBuildPhase;
			buildActionMask = 2147483647;
			dstPath = "";
			dstSubfolderSpec = 10;
			files = (
				220C64F02A830A5200CA12B3 /* PlayRadarCore.framework in Embed Frameworks */,
			);
			name = "Embed Frameworks";
			runOnlyForDeploymentPostprocessing = 0;
		};
/* End PBXCopyFilesBuildPhase section */

/* Begin PBXFileReference section */
		220C64942A824F2500CA12B3 /* PlayRadar.app */ = {isa = PBXFileReference; explicitFileType = wrapper.application; includeInIndex = 0; path = PlayRadar.app; sourceTree = BUILT_PRODUCTS_DIR; };
		220C64972A824F2500CA12B3 /* AppDelegate.swift */ = {isa = PBXFileReference; lastKnownFileType = sourcecode.swift; path = AppDelegate.swift; sourceTree = "<group>"; };
		220C64992A824F2500CA12B3 /* SceneDelegate.swift */ = {isa = PBXFileReference; lastKnownFileType = sourcecode.swift; path = SceneDelegate.swift; sourceTree = "<group>"; };
		220C649B2A824F2500CA12B3 /* ViewController.swift */ = {isa = PBXFileReference; lastKnownFileType = sourcecode.swift; path = ViewController.swift; sourceTree = "<group>"; };
		220C649E2A824F2500CA12B3 /* Base */ = {isa = PBXFileReference; lastKnownFileType = file.storyboard; name = Base; path = Base.lproj/Main.storyboard; sourceTree = "<group>"; };
		220C64A12A824F2500CA12B3 /* PlayRadar.xcdatamodel */ = {isa = PBXFileReference; lastKnownFileType = wrapper.xcdatamodel; path = PlayRadar.xcdatamodel; sourceTree = "<group>"; };
		220C64A32A824F2700CA12B3 /* Assets.xcassets */ = {isa = PBXFileReference; lastKnownFileType = folder.assetcatalog; path = Assets.xcassets; sourceTree = "<group>"; };
		220C64A62A824F2700CA12B3 /* Base */ = {isa = PBXFileReference; lastKnownFileType = file.storyboard; name = Base; path = Base.lproj/LaunchScreen.storyboard; sourceTree = "<group>"; };
		220C64A82A824F2700CA12B3 /* Info.plist */ = {isa = PBXFileReference; lastKnownFileType = text.plist.xml; path = Info.plist; sourceTree = "<group>"; };
		220C64AD2A824F2700CA12B3 /* PlayRadarTests.xctest */ = {isa = PBXFileReference; explicitFileType = wrapper.cfbundle; includeInIndex = 0; path = PlayRadarTests.xctest; sourceTree = BUILT_PRODUCTS_DIR; };
		220C64B12A824F2700CA12B3 /* GameCellTests.swift */ = {isa = PBXFileReference; lastKnownFileType = sourcecode.swift; path = GameCellTests.swift; sourceTree = "<group>"; };
		220C64B72A824F2700CA12B3 /* PlayRadarUITests.xctest */ = {isa = PBXFileReference; explicitFileType = wrapper.cfbundle; includeInIndex = 0; path = PlayRadarUITests.xctest; sourceTree = BUILT_PRODUCTS_DIR; };
		220C64BB2A824F2700CA12B3 /* PlayRadarUITests.swift */ = {isa = PBXFileReference; lastKnownFileType = sourcecode.swift; path = PlayRadarUITests.swift; sourceTree = "<group>"; };
		220C64BD2A824F2700CA12B3 /* PlayRadarUITestsLaunchTests.swift */ = {isa = PBXFileReference; lastKnownFileType = sourcecode.swift; path = PlayRadarUITestsLaunchTests.swift; sourceTree = "<group>"; };
		220C64CA2A82501100CA12B3 /* GameCell.swift */ = {isa = PBXFileReference; lastKnownFileType = sourcecode.swift; path = GameCell.swift; sourceTree = "<group>"; };
		220C64CC2A82502400CA12B3 /* GameModel.swift */ = {isa = PBXFileReference; lastKnownFileType = sourcecode.swift; path = GameModel.swift; sourceTree = "<group>"; };
		220C64CE2A8250DB00CA12B3 /* UIImageView+Extension.swift */ = {isa = PBXFileReference; lastKnownFileType = sourcecode.swift; path = "UIImageView+Extension.swift"; sourceTree = "<group>"; };
		220C64D02A8251EB00CA12B3 /* PreviewContainer.swift */ = {isa = PBXFileReference; lastKnownFileType = sourcecode.swift; path = PreviewContainer.swift; sourceTree = "<group>"; };
		220C64DA2A830A5100CA12B3 /* PlayRadarCore.framework */ = {isa = PBXFileReference; explicitFileType = wrapper.framework; includeInIndex = 0; path = PlayRadarCore.framework; sourceTree = BUILT_PRODUCTS_DIR; };
		220C64DC2A830A5200CA12B3 /* PlayRadarCore.h */ = {isa = PBXFileReference; lastKnownFileType = sourcecode.c.h; path = PlayRadarCore.h; sourceTree = "<group>"; };
		220C64DD2A830A5200CA12B3 /* PlayRadarCore.docc */ = {isa = PBXFileReference; lastKnownFileType = folder.documentationcatalog; path = PlayRadarCore.docc; sourceTree = "<group>"; };
		220C64E32A830A5200CA12B3 /* PlayRadarCoreTests.xctest */ = {isa = PBXFileReference; explicitFileType = wrapper.cfbundle; includeInIndex = 0; path = PlayRadarCoreTests.xctest; sourceTree = BUILT_PRODUCTS_DIR; };
		220C64EA2A830A5200CA12B3 /* PlayRadarCoreTests.swift */ = {isa = PBXFileReference; lastKnownFileType = sourcecode.swift; path = PlayRadarCoreTests.swift; sourceTree = "<group>"; };
/* End PBXFileReference section */

/* Begin PBXFrameworksBuildPhase section */
		220C64912A824F2500CA12B3 /* Frameworks */ = {
			isa = PBXFrameworksBuildPhase;
			buildActionMask = 2147483647;
			files = (
				220C64EF2A830A5200CA12B3 /* PlayRadarCore.framework in Frameworks */,
			);
			runOnlyForDeploymentPostprocessing = 0;
		};
		220C64AA2A824F2700CA12B3 /* Frameworks */ = {
			isa = PBXFrameworksBuildPhase;
			buildActionMask = 2147483647;
			files = (
			);
			runOnlyForDeploymentPostprocessing = 0;
		};
		220C64B42A824F2700CA12B3 /* Frameworks */ = {
			isa = PBXFrameworksBuildPhase;
			buildActionMask = 2147483647;
			files = (
			);
			runOnlyForDeploymentPostprocessing = 0;
		};
		220C64D72A830A5100CA12B3 /* Frameworks */ = {
			isa = PBXFrameworksBuildPhase;
			buildActionMask = 2147483647;
			files = (
			);
			runOnlyForDeploymentPostprocessing = 0;
		};
		220C64E02A830A5200CA12B3 /* Frameworks */ = {
			isa = PBXFrameworksBuildPhase;
			buildActionMask = 2147483647;
			files = (
				220C64E42A830A5200CA12B3 /* PlayRadarCore.framework in Frameworks */,
			);
			runOnlyForDeploymentPostprocessing = 0;
		};
/* End PBXFrameworksBuildPhase section */

/* Begin PBXGroup section */
		220C648B2A824F2500CA12B3 = {
			isa = PBXGroup;
			children = (
				220C64962A824F2500CA12B3 /* PlayRadar */,
				220C64B02A824F2700CA12B3 /* PlayRadarTests */,
				220C64BA2A824F2700CA12B3 /* PlayRadarUITests */,
				220C64DB2A830A5200CA12B3 /* PlayRadarCore */,
				220C64E92A830A5200CA12B3 /* PlayRadarCoreTests */,
				220C64952A824F2500CA12B3 /* Products */,
			);
			sourceTree = "<group>";
		};
		220C64952A824F2500CA12B3 /* Products */ = {
			isa = PBXGroup;
			children = (
				220C64942A824F2500CA12B3 /* PlayRadar.app */,
				220C64AD2A824F2700CA12B3 /* PlayRadarTests.xctest */,
				220C64B72A824F2700CA12B3 /* PlayRadarUITests.xctest */,
				220C64DA2A830A5100CA12B3 /* PlayRadarCore.framework */,
				220C64E32A830A5200CA12B3 /* PlayRadarCoreTests.xctest */,
			);
			name = Products;
			sourceTree = "<group>";
		};
		220C64962A824F2500CA12B3 /* PlayRadar */ = {
			isa = PBXGroup;
			children = (
				220C64972A824F2500CA12B3 /* AppDelegate.swift */,
				220C64992A824F2500CA12B3 /* SceneDelegate.swift */,
				220C649B2A824F2500CA12B3 /* ViewController.swift */,
				220C64CA2A82501100CA12B3 /* GameCell.swift */,
				220C64D02A8251EB00CA12B3 /* PreviewContainer.swift */,
				220C64CE2A8250DB00CA12B3 /* UIImageView+Extension.swift */,
				220C64CC2A82502400CA12B3 /* GameModel.swift */,
				220C649D2A824F2500CA12B3 /* Main.storyboard */,
				220C64A32A824F2700CA12B3 /* Assets.xcassets */,
				220C64A52A824F2700CA12B3 /* LaunchScreen.storyboard */,
				220C64A82A824F2700CA12B3 /* Info.plist */,
				220C64A02A824F2500CA12B3 /* PlayRadar.xcdatamodeld */,
			);
			path = PlayRadar;
			sourceTree = "<group>";
		};
		220C64B02A824F2700CA12B3 /* PlayRadarTests */ = {
			isa = PBXGroup;
			children = (
				220C64B12A824F2700CA12B3 /* GameCellTests.swift */,
			);
			path = PlayRadarTests;
			sourceTree = "<group>";
		};
		220C64BA2A824F2700CA12B3 /* PlayRadarUITests */ = {
			isa = PBXGroup;
			children = (
				220C64BB2A824F2700CA12B3 /* PlayRadarUITests.swift */,
				220C64BD2A824F2700CA12B3 /* PlayRadarUITestsLaunchTests.swift */,
			);
			path = PlayRadarUITests;
			sourceTree = "<group>";
		};
		220C64DB2A830A5200CA12B3 /* PlayRadarCore */ = {
			isa = PBXGroup;
			children = (
				220C64DC2A830A5200CA12B3 /* PlayRadarCore.h */,
				220C64DD2A830A5200CA12B3 /* PlayRadarCore.docc */,
			);
			path = PlayRadarCore;
			sourceTree = "<group>";
		};
		220C64E92A830A5200CA12B3 /* PlayRadarCoreTests */ = {
			isa = PBXGroup;
			children = (
				220C64EA2A830A5200CA12B3 /* PlayRadarCoreTests.swift */,
			);
			path = PlayRadarCoreTests;
			sourceTree = "<group>";
		};
/* End PBXGroup section */

/* Begin PBXHeadersBuildPhase section */
		220C64D52A830A5100CA12B3 /* Headers */ = {
			isa = PBXHeadersBuildPhase;
			buildActionMask = 2147483647;
			files = (
				220C64EC2A830A5200CA12B3 /* PlayRadarCore.h in Headers */,
			);
			runOnlyForDeploymentPostprocessing = 0;
		};
/* End PBXHeadersBuildPhase section */

/* Begin PBXNativeTarget section */
		220C64932A824F2500CA12B3 /* PlayRadar */ = {
			isa = PBXNativeTarget;
			buildConfigurationList = 220C64C12A824F2700CA12B3 /* Build configuration list for PBXNativeTarget "PlayRadar" */;
			buildPhases = (
				220C64902A824F2500CA12B3 /* Sources */,
				220C64912A824F2500CA12B3 /* Frameworks */,
				220C64922A824F2500CA12B3 /* Resources */,
				220C64F42A830A5200CA12B3 /* Embed Frameworks */,
			);
			buildRules = (
			);
			dependencies = (
				220C64EE2A830A5200CA12B3 /* PBXTargetDependency */,
			);
			name = PlayRadar;
			productName = PlayRadar;
			productReference = 220C64942A824F2500CA12B3 /* PlayRadar.app */;
			productType = "com.apple.product-type.application";
		};
		220C64AC2A824F2700CA12B3 /* PlayRadarTests */ = {
			isa = PBXNativeTarget;
			buildConfigurationList = 220C64C42A824F2700CA12B3 /* Build configuration list for PBXNativeTarget "PlayRadarTests" */;
			buildPhases = (
				220C64A92A824F2700CA12B3 /* Sources */,
				220C64AA2A824F2700CA12B3 /* Frameworks */,
				220C64AB2A824F2700CA12B3 /* Resources */,
			);
			buildRules = (
			);
			dependencies = (
				220C64AF2A824F2700CA12B3 /* PBXTargetDependency */,
			);
			name = PlayRadarTests;
			productName = PlayRadarTests;
			productReference = 220C64AD2A824F2700CA12B3 /* PlayRadarTests.xctest */;
			productType = "com.apple.product-type.bundle.unit-test";
		};
		220C64B62A824F2700CA12B3 /* PlayRadarUITests */ = {
			isa = PBXNativeTarget;
			buildConfigurationList = 220C64C72A824F2700CA12B3 /* Build configuration list for PBXNativeTarget "PlayRadarUITests" */;
			buildPhases = (
				220C64B32A824F2700CA12B3 /* Sources */,
				220C64B42A824F2700CA12B3 /* Frameworks */,
				220C64B52A824F2700CA12B3 /* Resources */,
			);
			buildRules = (
			);
			dependencies = (
				220C64B92A824F2700CA12B3 /* PBXTargetDependency */,
			);
			name = PlayRadarUITests;
			productName = PlayRadarUITests;
			productReference = 220C64B72A824F2700CA12B3 /* PlayRadarUITests.xctest */;
			productType = "com.apple.product-type.bundle.ui-testing";
		};
		220C64D92A830A5100CA12B3 /* PlayRadarCore */ = {
			isa = PBXNativeTarget;
			buildConfigurationList = 220C64F12A830A5200CA12B3 /* Build configuration list for PBXNativeTarget "PlayRadarCore" */;
			buildPhases = (
				220C64D52A830A5100CA12B3 /* Headers */,
				220C64D62A830A5100CA12B3 /* Sources */,
				220C64D72A830A5100CA12B3 /* Frameworks */,
				220C64D82A830A5100CA12B3 /* Resources */,
			);
			buildRules = (
			);
			dependencies = (
			);
			name = PlayRadarCore;
			productName = PlayRadarCore;
			productReference = 220C64DA2A830A5100CA12B3 /* PlayRadarCore.framework */;
			productType = "com.apple.product-type.framework";
		};
		220C64E22A830A5200CA12B3 /* PlayRadarCoreTests */ = {
			isa = PBXNativeTarget;
			buildConfigurationList = 220C64F52A830A5200CA12B3 /* Build configuration list for PBXNativeTarget "PlayRadarCoreTests" */;
			buildPhases = (
				220C64DF2A830A5200CA12B3 /* Sources */,
				220C64E02A830A5200CA12B3 /* Frameworks */,
				220C64E12A830A5200CA12B3 /* Resources */,
			);
			buildRules = (
			);
			dependencies = (
				220C64E62A830A5200CA12B3 /* PBXTargetDependency */,
				220C64E82A830A5200CA12B3 /* PBXTargetDependency */,
			);
			name = PlayRadarCoreTests;
			productName = PlayRadarCoreTests;
			productReference = 220C64E32A830A5200CA12B3 /* PlayRadarCoreTests.xctest */;
			productType = "com.apple.product-type.bundle.unit-test";
		};
/* End PBXNativeTarget section */

/* Begin PBXProject section */
		220C648C2A824F2500CA12B3 /* Project object */ = {
			isa = PBXProject;
			attributes = {
				BuildIndependentTargetsInParallel = 1;
				LastSwiftUpdateCheck = 1430;
				LastUpgradeCheck = 1430;
				TargetAttributes = {
					220C64932A824F2500CA12B3 = {
						CreatedOnToolsVersion = 14.3;
					};
					220C64AC2A824F2700CA12B3 = {
						CreatedOnToolsVersion = 14.3;
						TestTargetID = 220C64932A824F2500CA12B3;
					};
					220C64B62A824F2700CA12B3 = {
						CreatedOnToolsVersion = 14.3;
						TestTargetID = 220C64932A824F2500CA12B3;
					};
					220C64D92A830A5100CA12B3 = {
						CreatedOnToolsVersion = 14.3;
					};
					220C64E22A830A5200CA12B3 = {
						CreatedOnToolsVersion = 14.3;
						TestTargetID = 220C64932A824F2500CA12B3;
					};
				};
			};
			buildConfigurationList = 220C648F2A824F2500CA12B3 /* Build configuration list for PBXProject "PlayRadar" */;
			compatibilityVersion = "Xcode 14.0";
			developmentRegion = en;
			hasScannedForEncodings = 0;
			knownRegions = (
				en,
				Base,
			);
			mainGroup = 220C648B2A824F2500CA12B3;
			productRefGroup = 220C64952A824F2500CA12B3 /* Products */;
			projectDirPath = "";
			projectRoot = "";
			targets = (
				220C64932A824F2500CA12B3 /* PlayRadar */,
				220C64AC2A824F2700CA12B3 /* PlayRadarTests */,
				220C64B62A824F2700CA12B3 /* PlayRadarUITests */,
				220C64D92A830A5100CA12B3 /* PlayRadarCore */,
				220C64E22A830A5200CA12B3 /* PlayRadarCoreTests */,
			);
		};
/* End PBXProject section */

/* Begin PBXResourcesBuildPhase section */
		220C64922A824F2500CA12B3 /* Resources */ = {
			isa = PBXResourcesBuildPhase;
			buildActionMask = 2147483647;
			files = (
				220C64A72A824F2700CA12B3 /* LaunchScreen.storyboard in Resources */,
				220C64A42A824F2700CA12B3 /* Assets.xcassets in Resources */,
				220C649F2A824F2500CA12B3 /* Main.storyboard in Resources */,
			);
			runOnlyForDeploymentPostprocessing = 0;
		};
		220C64AB2A824F2700CA12B3 /* Resources */ = {
			isa = PBXResourcesBuildPhase;
			buildActionMask = 2147483647;
			files = (
			);
			runOnlyForDeploymentPostprocessing = 0;
		};
		220C64B52A824F2700CA12B3 /* Resources */ = {
			isa = PBXResourcesBuildPhase;
			buildActionMask = 2147483647;
			files = (
			);
			runOnlyForDeploymentPostprocessing = 0;
		};
		220C64D82A830A5100CA12B3 /* Resources */ = {
			isa = PBXResourcesBuildPhase;
			buildActionMask = 2147483647;
			files = (
			);
			runOnlyForDeploymentPostprocessing = 0;
		};
		220C64E12A830A5200CA12B3 /* Resources */ = {
			isa = PBXResourcesBuildPhase;
			buildActionMask = 2147483647;
			files = (
			);
			runOnlyForDeploymentPostprocessing = 0;
		};
/* End PBXResourcesBuildPhase section */

/* Begin PBXSourcesBuildPhase section */
		220C64902A824F2500CA12B3 /* Sources */ = {
			isa = PBXSourcesBuildPhase;
			buildActionMask = 2147483647;
			files = (
				220C64CB2A82501100CA12B3 /* GameCell.swift in Sources */,
				220C649C2A824F2500CA12B3 /* ViewController.swift in Sources */,
				220C64CF2A8250DB00CA12B3 /* UIImageView+Extension.swift in Sources */,
				220C64982A824F2500CA12B3 /* AppDelegate.swift in Sources */,
				220C64A22A824F2500CA12B3 /* PlayRadar.xcdatamodeld in Sources */,
				220C649A2A824F2500CA12B3 /* SceneDelegate.swift in Sources */,
				220C64D12A8251EB00CA12B3 /* PreviewContainer.swift in Sources */,
				220C64CD2A82502400CA12B3 /* GameModel.swift in Sources */,
			);
			runOnlyForDeploymentPostprocessing = 0;
		};
		220C64A92A824F2700CA12B3 /* Sources */ = {
			isa = PBXSourcesBuildPhase;
			buildActionMask = 2147483647;
			files = (
				220C64B22A824F2700CA12B3 /* GameCellTests.swift in Sources */,
			);
			runOnlyForDeploymentPostprocessing = 0;
		};
		220C64B32A824F2700CA12B3 /* Sources */ = {
			isa = PBXSourcesBuildPhase;
			buildActionMask = 2147483647;
			files = (
				220C64BC2A824F2700CA12B3 /* PlayRadarUITests.swift in Sources */,
				220C64BE2A824F2700CA12B3 /* PlayRadarUITestsLaunchTests.swift in Sources */,
			);
			runOnlyForDeploymentPostprocessing = 0;
		};
		220C64D62A830A5100CA12B3 /* Sources */ = {
			isa = PBXSourcesBuildPhase;
			buildActionMask = 2147483647;
			files = (
				220C64DE2A830A5200CA12B3 /* PlayRadarCore.docc in Sources */,
			);
			runOnlyForDeploymentPostprocessing = 0;
		};
		220C64DF2A830A5200CA12B3 /* Sources */ = {
			isa = PBXSourcesBuildPhase;
			buildActionMask = 2147483647;
			files = (
				220C64EB2A830A5200CA12B3 /* PlayRadarCoreTests.swift in Sources */,
			);
			runOnlyForDeploymentPostprocessing = 0;
		};
/* End PBXSourcesBuildPhase section */

/* Begin PBXTargetDependency section */
		220C64AF2A824F2700CA12B3 /* PBXTargetDependency */ = {
			isa = PBXTargetDependency;
			target = 220C64932A824F2500CA12B3 /* PlayRadar */;
			targetProxy = 220C64AE2A824F2700CA12B3 /* PBXContainerItemProxy */;
		};
		220C64B92A824F2700CA12B3 /* PBXTargetDependency */ = {
			isa = PBXTargetDependency;
			target = 220C64932A824F2500CA12B3 /* PlayRadar */;
			targetProxy = 220C64B82A824F2700CA12B3 /* PBXContainerItemProxy */;
		};
		220C64E62A830A5200CA12B3 /* PBXTargetDependency */ = {
			isa = PBXTargetDependency;
			target = 220C64D92A830A5100CA12B3 /* PlayRadarCore */;
			targetProxy = 220C64E52A830A5200CA12B3 /* PBXContainerItemProxy */;
		};
		220C64E82A830A5200CA12B3 /* PBXTargetDependency */ = {
			isa = PBXTargetDependency;
			target = 220C64932A824F2500CA12B3 /* PlayRadar */;
			targetProxy = 220C64E72A830A5200CA12B3 /* PBXContainerItemProxy */;
		};
		220C64EE2A830A5200CA12B3 /* PBXTargetDependency */ = {
			isa = PBXTargetDependency;
			target = 220C64D92A830A5100CA12B3 /* PlayRadarCore */;
			targetProxy = 220C64ED2A830A5200CA12B3 /* PBXContainerItemProxy */;
		};
/* End PBXTargetDependency section */

/* Begin PBXVariantGroup section */
		220C649D2A824F2500CA12B3 /* Main.storyboard */ = {
			isa = PBXVariantGroup;
			children = (
				220C649E2A824F2500CA12B3 /* Base */,
			);
			name = Main.storyboard;
			sourceTree = "<group>";
		};
		220C64A52A824F2700CA12B3 /* LaunchScreen.storyboard */ = {
			isa = PBXVariantGroup;
			children = (
				220C64A62A824F2700CA12B3 /* Base */,
			);
			name = LaunchScreen.storyboard;
			sourceTree = "<group>";
		};
/* End PBXVariantGroup section */

/* Begin XCBuildConfiguration section */
		220C64BF2A824F2700CA12B3 /* Debug */ = {
			isa = XCBuildConfiguration;
			buildSettings = {
				ALWAYS_SEARCH_USER_PATHS = NO;
				CLANG_ANALYZER_NONNULL = YES;
				CLANG_ANALYZER_NUMBER_OBJECT_CONVERSION = YES_AGGRESSIVE;
				CLANG_CXX_LANGUAGE_STANDARD = "gnu++20";
				CLANG_ENABLE_MODULES = YES;
				CLANG_ENABLE_OBJC_ARC = YES;
				CLANG_ENABLE_OBJC_WEAK = YES;
				CLANG_WARN_BLOCK_CAPTURE_AUTORELEASING = YES;
				CLANG_WARN_BOOL_CONVERSION = YES;
				CLANG_WARN_COMMA = YES;
				CLANG_WARN_CONSTANT_CONVERSION = YES;
				CLANG_WARN_DEPRECATED_OBJC_IMPLEMENTATIONS = YES;
				CLANG_WARN_DIRECT_OBJC_ISA_USAGE = YES_ERROR;
				CLANG_WARN_DOCUMENTATION_COMMENTS = YES;
				CLANG_WARN_EMPTY_BODY = YES;
				CLANG_WARN_ENUM_CONVERSION = YES;
				CLANG_WARN_INFINITE_RECURSION = YES;
				CLANG_WARN_INT_CONVERSION = YES;
				CLANG_WARN_NON_LITERAL_NULL_CONVERSION = YES;
				CLANG_WARN_OBJC_IMPLICIT_RETAIN_SELF = YES;
				CLANG_WARN_OBJC_LITERAL_CONVERSION = YES;
				CLANG_WARN_OBJC_ROOT_CLASS = YES_ERROR;
				CLANG_WARN_QUOTED_INCLUDE_IN_FRAMEWORK_HEADER = YES;
				CLANG_WARN_RANGE_LOOP_ANALYSIS = YES;
				CLANG_WARN_STRICT_PROTOTYPES = YES;
				CLANG_WARN_SUSPICIOUS_MOVE = YES;
				CLANG_WARN_UNGUARDED_AVAILABILITY = YES_AGGRESSIVE;
				CLANG_WARN_UNREACHABLE_CODE = YES;
				CLANG_WARN__DUPLICATE_METHOD_MATCH = YES;
				COPY_PHASE_STRIP = NO;
				DEBUG_INFORMATION_FORMAT = dwarf;
				ENABLE_STRICT_OBJC_MSGSEND = YES;
				ENABLE_TESTABILITY = YES;
				GCC_C_LANGUAGE_STANDARD = gnu11;
				GCC_DYNAMIC_NO_PIC = NO;
				GCC_NO_COMMON_BLOCKS = YES;
				GCC_OPTIMIZATION_LEVEL = 0;
				GCC_PREPROCESSOR_DEFINITIONS = (
					"DEBUG=1",
					"$(inherited)",
				);
				GCC_WARN_64_TO_32_BIT_CONVERSION = YES;
				GCC_WARN_ABOUT_RETURN_TYPE = YES_ERROR;
				GCC_WARN_UNDECLARED_SELECTOR = YES;
				GCC_WARN_UNINITIALIZED_AUTOS = YES_AGGRESSIVE;
				GCC_WARN_UNUSED_FUNCTION = YES;
				GCC_WARN_UNUSED_VARIABLE = YES;
				IPHONEOS_DEPLOYMENT_TARGET = 16.4;
				MTL_ENABLE_DEBUG_INFO = INCLUDE_SOURCE;
				MTL_FAST_MATH = YES;
				ONLY_ACTIVE_ARCH = YES;
				SDKROOT = iphoneos;
				SWIFT_ACTIVE_COMPILATION_CONDITIONS = DEBUG;
				SWIFT_OPTIMIZATION_LEVEL = "-Onone";
			};
			name = Debug;
		};
		220C64C02A824F2700CA12B3 /* Release */ = {
			isa = XCBuildConfiguration;
			buildSettings = {
				ALWAYS_SEARCH_USER_PATHS = NO;
				CLANG_ANALYZER_NONNULL = YES;
				CLANG_ANALYZER_NUMBER_OBJECT_CONVERSION = YES_AGGRESSIVE;
				CLANG_CXX_LANGUAGE_STANDARD = "gnu++20";
				CLANG_ENABLE_MODULES = YES;
				CLANG_ENABLE_OBJC_ARC = YES;
				CLANG_ENABLE_OBJC_WEAK = YES;
				CLANG_WARN_BLOCK_CAPTURE_AUTORELEASING = YES;
				CLANG_WARN_BOOL_CONVERSION = YES;
				CLANG_WARN_COMMA = YES;
				CLANG_WARN_CONSTANT_CONVERSION = YES;
				CLANG_WARN_DEPRECATED_OBJC_IMPLEMENTATIONS = YES;
				CLANG_WARN_DIRECT_OBJC_ISA_USAGE = YES_ERROR;
				CLANG_WARN_DOCUMENTATION_COMMENTS = YES;
				CLANG_WARN_EMPTY_BODY = YES;
				CLANG_WARN_ENUM_CONVERSION = YES;
				CLANG_WARN_INFINITE_RECURSION = YES;
				CLANG_WARN_INT_CONVERSION = YES;
				CLANG_WARN_NON_LITERAL_NULL_CONVERSION = YES;
				CLANG_WARN_OBJC_IMPLICIT_RETAIN_SELF = YES;
				CLANG_WARN_OBJC_LITERAL_CONVERSION = YES;
				CLANG_WARN_OBJC_ROOT_CLASS = YES_ERROR;
				CLANG_WARN_QUOTED_INCLUDE_IN_FRAMEWORK_HEADER = YES;
				CLANG_WARN_RANGE_LOOP_ANALYSIS = YES;
				CLANG_WARN_STRICT_PROTOTYPES = YES;
				CLANG_WARN_SUSPICIOUS_MOVE = YES;
				CLANG_WARN_UNGUARDED_AVAILABILITY = YES_AGGRESSIVE;
				CLANG_WARN_UNREACHABLE_CODE = YES;
				CLANG_WARN__DUPLICATE_METHOD_MATCH = YES;
				COPY_PHASE_STRIP = NO;
				DEBUG_INFORMATION_FORMAT = "dwarf-with-dsym";
				ENABLE_NS_ASSERTIONS = NO;
				ENABLE_STRICT_OBJC_MSGSEND = YES;
				GCC_C_LANGUAGE_STANDARD = gnu11;
				GCC_NO_COMMON_BLOCKS = YES;
				GCC_WARN_64_TO_32_BIT_CONVERSION = YES;
				GCC_WARN_ABOUT_RETURN_TYPE = YES_ERROR;
				GCC_WARN_UNDECLARED_SELECTOR = YES;
				GCC_WARN_UNINITIALIZED_AUTOS = YES_AGGRESSIVE;
				GCC_WARN_UNUSED_FUNCTION = YES;
				GCC_WARN_UNUSED_VARIABLE = YES;
				IPHONEOS_DEPLOYMENT_TARGET = 16.4;
				MTL_ENABLE_DEBUG_INFO = NO;
				MTL_FAST_MATH = YES;
				SDKROOT = iphoneos;
				SWIFT_COMPILATION_MODE = wholemodule;
				SWIFT_OPTIMIZATION_LEVEL = "-O";
				VALIDATE_PRODUCT = YES;
			};
			name = Release;
		};
		220C64C22A824F2700CA12B3 /* Debug */ = {
			isa = XCBuildConfiguration;
			buildSettings = {
				ASSETCATALOG_COMPILER_APPICON_NAME = AppIcon;
				ASSETCATALOG_COMPILER_GLOBAL_ACCENT_COLOR_NAME = AccentColor;
				CODE_SIGN_STYLE = Automatic;
				CURRENT_PROJECT_VERSION = 1;
				DEVELOPMENT_TEAM = SDSLU2QT5X;
				GENERATE_INFOPLIST_FILE = YES;
				INFOPLIST_FILE = PlayRadar/Info.plist;
				INFOPLIST_KEY_UIApplicationSupportsIndirectInputEvents = YES;
				INFOPLIST_KEY_UILaunchStoryboardName = LaunchScreen;
				INFOPLIST_KEY_UIMainStoryboardFile = Main;
				INFOPLIST_KEY_UISupportedInterfaceOrientations_iPad = "UIInterfaceOrientationPortrait UIInterfaceOrientationPortraitUpsideDown UIInterfaceOrientationLandscapeLeft UIInterfaceOrientationLandscapeRight";
				INFOPLIST_KEY_UISupportedInterfaceOrientations_iPhone = "UIInterfaceOrientationPortrait UIInterfaceOrientationLandscapeLeft UIInterfaceOrientationLandscapeRight";
				LD_RUNPATH_SEARCH_PATHS = (
					"$(inherited)",
					"@executable_path/Frameworks",
				);
				MARKETING_VERSION = 1.0;
				PRODUCT_BUNDLE_IDENTIFIER = com.muizidn.PlayRadar;
				PRODUCT_NAME = "$(TARGET_NAME)";
				SWIFT_EMIT_LOC_STRINGS = YES;
				SWIFT_VERSION = 5.0;
				TARGETED_DEVICE_FAMILY = "1,2";
			};
			name = Debug;
		};
		220C64C32A824F2700CA12B3 /* Release */ = {
			isa = XCBuildConfiguration;
			buildSettings = {
				ASSETCATALOG_COMPILER_APPICON_NAME = AppIcon;
				ASSETCATALOG_COMPILER_GLOBAL_ACCENT_COLOR_NAME = AccentColor;
				CODE_SIGN_STYLE = Automatic;
				CURRENT_PROJECT_VERSION = 1;
				DEVELOPMENT_TEAM = SDSLU2QT5X;
				GENERATE_INFOPLIST_FILE = YES;
				INFOPLIST_FILE = PlayRadar/Info.plist;
				INFOPLIST_KEY_UIApplicationSupportsIndirectInputEvents = YES;
				INFOPLIST_KEY_UILaunchStoryboardName = LaunchScreen;
				INFOPLIST_KEY_UIMainStoryboardFile = Main;
				INFOPLIST_KEY_UISupportedInterfaceOrientations_iPad = "UIInterfaceOrientationPortrait UIInterfaceOrientationPortraitUpsideDown UIInterfaceOrientationLandscapeLeft UIInterfaceOrientationLandscapeRight";
				INFOPLIST_KEY_UISupportedInterfaceOrientations_iPhone = "UIInterfaceOrientationPortrait UIInterfaceOrientationLandscapeLeft UIInterfaceOrientationLandscapeRight";
				LD_RUNPATH_SEARCH_PATHS = (
					"$(inherited)",
					"@executable_path/Frameworks",
				);
				MARKETING_VERSION = 1.0;
				PRODUCT_BUNDLE_IDENTIFIER = com.muizidn.PlayRadar;
				PRODUCT_NAME = "$(TARGET_NAME)";
				SWIFT_EMIT_LOC_STRINGS = YES;
				SWIFT_VERSION = 5.0;
				TARGETED_DEVICE_FAMILY = "1,2";
			};
			name = Release;
		};
		220C64C52A824F2700CA12B3 /* Debug */ = {
			isa = XCBuildConfiguration;
			buildSettings = {
				ALWAYS_EMBED_SWIFT_STANDARD_LIBRARIES = YES;
				BUNDLE_LOADER = "$(TEST_HOST)";
				CODE_SIGN_STYLE = Automatic;
				CURRENT_PROJECT_VERSION = 1;
				DEVELOPMENT_TEAM = SDSLU2QT5X;
				GENERATE_INFOPLIST_FILE = YES;
				IPHONEOS_DEPLOYMENT_TARGET = 16.4;
				MARKETING_VERSION = 1.0;
				PRODUCT_BUNDLE_IDENTIFIER = com.muizidn.PlayRadarTests;
				PRODUCT_NAME = "$(TARGET_NAME)";
				SWIFT_EMIT_LOC_STRINGS = NO;
				SWIFT_VERSION = 5.0;
				TARGETED_DEVICE_FAMILY = "1,2";
				TEST_HOST = "$(BUILT_PRODUCTS_DIR)/PlayRadar.app/$(BUNDLE_EXECUTABLE_FOLDER_PATH)/PlayRadar";
			};
			name = Debug;
		};
		220C64C62A824F2700CA12B3 /* Release */ = {
			isa = XCBuildConfiguration;
			buildSettings = {
				ALWAYS_EMBED_SWIFT_STANDARD_LIBRARIES = YES;
				BUNDLE_LOADER = "$(TEST_HOST)";
				CODE_SIGN_STYLE = Automatic;
				CURRENT_PROJECT_VERSION = 1;
				DEVELOPMENT_TEAM = SDSLU2QT5X;
				GENERATE_INFOPLIST_FILE = YES;
				IPHONEOS_DEPLOYMENT_TARGET = 16.4;
				MARKETING_VERSION = 1.0;
				PRODUCT_BUNDLE_IDENTIFIER = com.muizidn.PlayRadarTests;
				PRODUCT_NAME = "$(TARGET_NAME)";
				SWIFT_EMIT_LOC_STRINGS = NO;
				SWIFT_VERSION = 5.0;
				TARGETED_DEVICE_FAMILY = "1,2";
				TEST_HOST = "$(BUILT_PRODUCTS_DIR)/PlayRadar.app/$(BUNDLE_EXECUTABLE_FOLDER_PATH)/PlayRadar";
			};
			name = Release;
		};
		220C64C82A824F2700CA12B3 /* Debug */ = {
			isa = XCBuildConfiguration;
			buildSettings = {
				ALWAYS_EMBED_SWIFT_STANDARD_LIBRARIES = YES;
				CODE_SIGN_STYLE = Automatic;
				CURRENT_PROJECT_VERSION = 1;
				DEVELOPMENT_TEAM = SDSLU2QT5X;
				GENERATE_INFOPLIST_FILE = YES;
				MARKETING_VERSION = 1.0;
				PRODUCT_BUNDLE_IDENTIFIER = com.muizidn.PlayRadarUITests;
				PRODUCT_NAME = "$(TARGET_NAME)";
				SWIFT_EMIT_LOC_STRINGS = NO;
				SWIFT_VERSION = 5.0;
				TARGETED_DEVICE_FAMILY = "1,2";
				TEST_TARGET_NAME = PlayRadar;
			};
			name = Debug;
		};
		220C64C92A824F2700CA12B3 /* Release */ = {
			isa = XCBuildConfiguration;
			buildSettings = {
				ALWAYS_EMBED_SWIFT_STANDARD_LIBRARIES = YES;
				CODE_SIGN_STYLE = Automatic;
				CURRENT_PROJECT_VERSION = 1;
				DEVELOPMENT_TEAM = SDSLU2QT5X;
				GENERATE_INFOPLIST_FILE = YES;
				MARKETING_VERSION = 1.0;
				PRODUCT_BUNDLE_IDENTIFIER = com.muizidn.PlayRadarUITests;
				PRODUCT_NAME = "$(TARGET_NAME)";
				SWIFT_EMIT_LOC_STRINGS = NO;
				SWIFT_VERSION = 5.0;
				TARGETED_DEVICE_FAMILY = "1,2";
				TEST_TARGET_NAME = PlayRadar;
			};
			name = Release;
		};
		220C64F22A830A5200CA12B3 /* Debug */ = {
			isa = XCBuildConfiguration;
			buildSettings = {
				CODE_SIGN_STYLE = Automatic;
				CURRENT_PROJECT_VERSION = 1;
				DEFINES_MODULE = YES;
				DEVELOPMENT_TEAM = SDSLU2QT5X;
				DYLIB_COMPATIBILITY_VERSION = 1;
				DYLIB_CURRENT_VERSION = 1;
				DYLIB_INSTALL_NAME_BASE = "@rpath";
				ENABLE_MODULE_VERIFIER = YES;
				GENERATE_INFOPLIST_FILE = YES;
				INFOPLIST_KEY_NSHumanReadableCopyright = "";
				INSTALL_PATH = "$(LOCAL_LIBRARY_DIR)/Frameworks";
				LD_RUNPATH_SEARCH_PATHS = (
					"$(inherited)",
					"@executable_path/Frameworks",
					"@loader_path/Frameworks",
				);
				MARKETING_VERSION = 1.0;
				MODULE_VERIFIER_SUPPORTED_LANGUAGES = "objective-c objective-c++";
				MODULE_VERIFIER_SUPPORTED_LANGUAGE_STANDARDS = "gnu11 gnu++20";
				PRODUCT_BUNDLE_IDENTIFIER = com.muizidn.PlayRadarCore;
				PRODUCT_NAME = "$(TARGET_NAME:c99extidentifier)";
				SKIP_INSTALL = YES;
				SWIFT_EMIT_LOC_STRINGS = YES;
				SWIFT_VERSION = 5.0;
				TARGETED_DEVICE_FAMILY = "1,2";
				VERSIONING_SYSTEM = "apple-generic";
				VERSION_INFO_PREFIX = "";
			};
			name = Debug;
		};
		220C64F32A830A5200CA12B3 /* Release */ = {
			isa = XCBuildConfiguration;
			buildSettings = {
				CODE_SIGN_STYLE = Automatic;
				CURRENT_PROJECT_VERSION = 1;
				DEFINES_MODULE = YES;
				DEVELOPMENT_TEAM = SDSLU2QT5X;
				DYLIB_COMPATIBILITY_VERSION = 1;
				DYLIB_CURRENT_VERSION = 1;
				DYLIB_INSTALL_NAME_BASE = "@rpath";
				ENABLE_MODULE_VERIFIER = YES;
				GENERATE_INFOPLIST_FILE = YES;
				INFOPLIST_KEY_NSHumanReadableCopyright = "";
				INSTALL_PATH = "$(LOCAL_LIBRARY_DIR)/Frameworks";
				LD_RUNPATH_SEARCH_PATHS = (
					"$(inherited)",
					"@executable_path/Frameworks",
					"@loader_path/Frameworks",
				);
				MARKETING_VERSION = 1.0;
				MODULE_VERIFIER_SUPPORTED_LANGUAGES = "objective-c objective-c++";
				MODULE_VERIFIER_SUPPORTED_LANGUAGE_STANDARDS = "gnu11 gnu++20";
				PRODUCT_BUNDLE_IDENTIFIER = com.muizidn.PlayRadarCore;
				PRODUCT_NAME = "$(TARGET_NAME:c99extidentifier)";
				SKIP_INSTALL = YES;
				SWIFT_EMIT_LOC_STRINGS = YES;
				SWIFT_VERSION = 5.0;
				TARGETED_DEVICE_FAMILY = "1,2";
				VERSIONING_SYSTEM = "apple-generic";
				VERSION_INFO_PREFIX = "";
			};
			name = Release;
		};
		220C64F62A830A5200CA12B3 /* Debug */ = {
			isa = XCBuildConfiguration;
			buildSettings = {
				ALWAYS_EMBED_SWIFT_STANDARD_LIBRARIES = YES;
				CODE_SIGN_STYLE = Automatic;
				CURRENT_PROJECT_VERSION = 1;
				DEVELOPMENT_TEAM = SDSLU2QT5X;
				GENERATE_INFOPLIST_FILE = YES;
				MARKETING_VERSION = 1.0;
				PRODUCT_BUNDLE_IDENTIFIER = com.muizidn.PlayRadarCoreTests;
				PRODUCT_NAME = "$(TARGET_NAME)";
				SWIFT_EMIT_LOC_STRINGS = NO;
				SWIFT_VERSION = 5.0;
				TARGETED_DEVICE_FAMILY = "1,2";
				TEST_HOST = "$(BUILT_PRODUCTS_DIR)/PlayRadar.app/$(BUNDLE_EXECUTABLE_FOLDER_PATH)/PlayRadar";
			};
			name = Debug;
		};
		220C64F72A830A5200CA12B3 /* Release */ = {
			isa = XCBuildConfiguration;
			buildSettings = {
				ALWAYS_EMBED_SWIFT_STANDARD_LIBRARIES = YES;
				CODE_SIGN_STYLE = Automatic;
				CURRENT_PROJECT_VERSION = 1;
				DEVELOPMENT_TEAM = SDSLU2QT5X;
				GENERATE_INFOPLIST_FILE = YES;
				MARKETING_VERSION = 1.0;
				PRODUCT_BUNDLE_IDENTIFIER = com.muizidn.PlayRadarCoreTests;
				PRODUCT_NAME = "$(TARGET_NAME)";
				SWIFT_EMIT_LOC_STRINGS = NO;
				SWIFT_VERSION = 5.0;
				TARGETED_DEVICE_FAMILY = "1,2";
				TEST_HOST = "$(BUILT_PRODUCTS_DIR)/PlayRadar.app/$(BUNDLE_EXECUTABLE_FOLDER_PATH)/PlayRadar";
			};
			name = Release;
		};
/* End XCBuildConfiguration section */

/* Begin XCConfigurationList section */
		220C648F2A824F2500CA12B3 /* Build configuration list for PBXProject "PlayRadar" */ = {
			isa = XCConfigurationList;
			buildConfigurations = (
				220C64BF2A824F2700CA12B3 /* Debug */,
				220C64C02A824F2700CA12B3 /* Release */,
			);
			defaultConfigurationIsVisible = 0;
			defaultConfigurationName = Release;
		};
		220C64C12A824F2700CA12B3 /* Build configuration list for PBXNativeTarget "PlayRadar" */ = {
			isa = XCConfigurationList;
			buildConfigurations = (
				220C64C22A824F2700CA12B3 /* Debug */,
				220C64C32A824F2700CA12B3 /* Release */,
			);
			defaultConfigurationIsVisible = 0;
			defaultConfigurationName = Release;
		};
		220C64C42A824F2700CA12B3 /* Build configuration list for PBXNativeTarget "PlayRadarTests" */ = {
			isa = XCConfigurationList;
			buildConfigurations = (
				220C64C52A824F2700CA12B3 /* Debug */,
				220C64C62A824F2700CA12B3 /* Release */,
			);
			defaultConfigurationIsVisible = 0;
			defaultConfigurationName = Release;
		};
		220C64C72A824F2700CA12B3 /* Build configuration list for PBXNativeTarget "PlayRadarUITests" */ = {
			isa = XCConfigurationList;
			buildConfigurations = (
				220C64C82A824F2700CA12B3 /* Debug */,
				220C64C92A824F2700CA12B3 /* Release */,
			);
			defaultConfigurationIsVisible = 0;
			defaultConfigurationName = Release;
		};
		220C64F12A830A5200CA12B3 /* Build configuration list for PBXNativeTarget "PlayRadarCore" */ = {
			isa = XCConfigurationList;
			buildConfigurations = (
				220C64F22A830A5200CA12B3 /* Debug */,
				220C64F32A830A5200CA12B3 /* Release */,
			);
			defaultConfigurationIsVisible = 0;
			defaultConfigurationName = Release;
		};
		220C64F52A830A5200CA12B3 /* Build configuration list for PBXNativeTarget "PlayRadarCoreTests" */ = {
			isa = XCConfigurationList;
			buildConfigurations = (
				220C64F62A830A5200CA12B3 /* Debug */,
				220C64F72A830A5200CA12B3 /* Release */,
			);
			defaultConfigurationIsVisible = 0;
			defaultConfigurationName = Release;
		};
/* End XCConfigurationList section */

/* Begin XCVersionGroup section */
		220C64A02A824F2500CA12B3 /* PlayRadar.xcdatamodeld */ = {
			isa = XCVersionGroup;
			children = (
				220C64A12A824F2500CA12B3 /* PlayRadar.xcdatamodel */,
			);
			currentVersion = 220C64A12A824F2500CA12B3 /* PlayRadar.xcdatamodel */;
			path = PlayRadar.xcdatamodeld;
			sourceTree = "<group>";
			versionGroupType = wrapper.xcdatamodel;
		};
/* End XCVersionGroup section */
	};
	rootObject = 220C648C2A824F2500CA12B3 /* Project object */;
}
