// !$*UTF8*$!
{
	archiveVersion = 1;
	classes = {
	};
	objectVersion = 56;
	objects = {

/* Begin PBXBuildFile section */
		220C64982A824F2500CA12B3 /* AppDelegate.swift in Sources */ = {isa = PBXBuildFile; fileRef = 220C64972A824F2500CA12B3 /* AppDelegate.swift */; };
		220C649A2A824F2500CA12B3 /* SceneDelegate.swift in Sources */ = {isa = PBXBuildFile; fileRef = 220C64992A824F2500CA12B3 /* SceneDelegate.swift */; };
		220C649C2A824F2500CA12B3 /* DashboardViewController.swift in Sources */ = {isa = PBXBuildFile; fileRef = 220C649B2A824F2500CA12B3 /* DashboardViewController.swift */; };
		220C64A42A824F2700CA12B3 /* Assets.xcassets in Resources */ = {isa = PBXBuildFile; fileRef = 220C64A32A824F2700CA12B3 /* Assets.xcassets */; };
		220C64A72A824F2700CA12B3 /* LaunchScreen.storyboard in Resources */ = {isa = PBXBuildFile; fileRef = 220C64A52A824F2700CA12B3 /* LaunchScreen.storyboard */; };
		220C64B22A824F2700CA12B3 /* GameCellTests.swift in Sources */ = {isa = PBXBuildFile; fileRef = 220C64B12A824F2700CA12B3 /* GameCellTests.swift */; };
		220C64BE2A824F2700CA12B3 /* PlayRadarUITestsLaunchTests.swift in Sources */ = {isa = PBXBuildFile; fileRef = 220C64BD2A824F2700CA12B3 /* PlayRadarUITestsLaunchTests.swift */; };
		220C64CB2A82501100CA12B3 /* GameCell.swift in Sources */ = {isa = PBXBuildFile; fileRef = 220C64CA2A82501100CA12B3 /* GameCell.swift */; };
		220C64CF2A8250DB00CA12B3 /* UIImageView+Extension.swift in Sources */ = {isa = PBXBuildFile; fileRef = 220C64CE2A8250DB00CA12B3 /* UIImageView+Extension.swift */; };
		220C64D12A8251EB00CA12B3 /* PreviewContainer.swift in Sources */ = {isa = PBXBuildFile; fileRef = 220C64D02A8251EB00CA12B3 /* PreviewContainer.swift */; };
		220C64DE2A830A5200CA12B3 /* PlayRadar.docc in Sources */ = {isa = PBXBuildFile; fileRef = 220C64DD2A830A5200CA12B3 /* PlayRadar.docc */; };
		220C64E42A830A5200CA12B3 /* PlayRadar.framework in Frameworks */ = {isa = PBXBuildFile; fileRef = 220C64DA2A830A5100CA12B3 /* PlayRadar.framework */; };
		220C64EB2A830A5200CA12B3 /* GameListPresenterTests.swift in Sources */ = {isa = PBXBuildFile; fileRef = 220C64EA2A830A5200CA12B3 /* GameListPresenterTests.swift */; };
		220C64EC2A830A5200CA12B3 /* PlayRadar.h in Headers */ = {isa = PBXBuildFile; fileRef = 220C64DC2A830A5200CA12B3 /* PlayRadar.h */; settings = {ATTRIBUTES = (Public, ); }; };
		220C64F92A830C9200CA12B3 /* GameListPresenter.swift in Sources */ = {isa = PBXBuildFile; fileRef = 220C64F82A830C9200CA12B3 /* GameListPresenter.swift */; };
		220C64FB2A830D7100CA12B3 /* GameViewModel.swift in Sources */ = {isa = PBXBuildFile; fileRef = 220C64CC2A82502400CA12B3 /* GameViewModel.swift */; };
		220C64FD2A830E7100CA12B3 /* PlayRadar.framework in Frameworks */ = {isa = PBXBuildFile; fileRef = 220C64DA2A830A5100CA12B3 /* PlayRadar.framework */; };
		220C64FE2A830E7100CA12B3 /* PlayRadar.framework in Embed Frameworks */ = {isa = PBXBuildFile; fileRef = 220C64DA2A830A5100CA12B3 /* PlayRadar.framework */; settings = {ATTRIBUTES = (CodeSignOnCopy, RemoveHeadersOnCopy, ); }; };
		220C65032A83121500CA12B3 /* GameListInteractor.swift in Sources */ = {isa = PBXBuildFile; fileRef = 220C65022A83121500CA12B3 /* GameListInteractor.swift */; };
		220C65052A83127400CA12B3 /* GameModel.swift in Sources */ = {isa = PBXBuildFile; fileRef = 220C65042A83127400CA12B3 /* GameModel.swift */; };
		220C65072A83129E00CA12B3 /* Pagination.swift in Sources */ = {isa = PBXBuildFile; fileRef = 220C65062A83129E00CA12B3 /* Pagination.swift */; };
		220C650D2A83184400CA12B3 /* GameDetailPresenter.swift in Sources */ = {isa = PBXBuildFile; fileRef = 220C650C2A83184400CA12B3 /* GameDetailPresenter.swift */; };
		220C650F2A831A6A00CA12B3 /* GameDetailInteractor.swift in Sources */ = {isa = PBXBuildFile; fileRef = 220C650E2A831A6A00CA12B3 /* GameDetailInteractor.swift */; };
		223FC8142A83268A007B8F02 /* GameDetailViewController.swift in Sources */ = {isa = PBXBuildFile; fileRef = 223FC8132A83268A007B8F02 /* GameDetailViewController.swift */; };
		223FC8182A832FEB007B8F02 /* GameListViewController.swift in Sources */ = {isa = PBXBuildFile; fileRef = 223FC8172A832FEB007B8F02 /* GameListViewController.swift */; };
		223FC81A2A8334C2007B8F02 /* FavoriteListViewContoller.swift in Sources */ = {isa = PBXBuildFile; fileRef = 223FC8192A8334C2007B8F02 /* FavoriteListViewContoller.swift */; };
		224C76A62A83FCCA00911849 /* CDFavorite.swift in Sources */ = {isa = PBXBuildFile; fileRef = 224C76A52A83FCCA00911849 /* CDFavorite.swift */; };
		224C76A82A83FCF300911849 /* CDGame.swift in Sources */ = {isa = PBXBuildFile; fileRef = 224C76A72A83FCF300911849 /* CDGame.swift */; };
		224C76AA2A83FE9500911849 /* NSManagedObject+Context.swift in Sources */ = {isa = PBXBuildFile; fileRef = 224C76A92A83FE9500911849 /* NSManagedObject+Context.swift */; };
		224C76AF2A848F5F00911849 /* CoreDataLocalFavoriteGameInteractor.swift in Sources */ = {isa = PBXBuildFile; fileRef = 224C76AE2A848F5F00911849 /* CoreDataLocalFavoriteGameInteractor.swift */; };
		224C76B12A849C6C00911849 /* CoreDataLocalGameDetailInteractor.swift in Sources */ = {isa = PBXBuildFile; fileRef = 224C76B02A849C6C00911849 /* CoreDataLocalGameDetailInteractor.swift */; };
		224C76B32A849DAB00911849 /* GameDetailRemoteWithLocalFallbackInteractor.swift in Sources */ = {isa = PBXBuildFile; fileRef = 224C76B22A849DAB00911849 /* GameDetailRemoteWithLocalFallbackInteractor.swift */; };
		224C76B52A84A1B800911849 /* GameDetailRemoteWithLocalFallbackInteractorTests.swift in Sources */ = {isa = PBXBuildFile; fileRef = 224C76B42A84A1B800911849 /* GameDetailRemoteWithLocalFallbackInteractorTests.swift */; };
		224C76B82A84CDE800911849 /* RemoteGameListInteractor.swift in Sources */ = {isa = PBXBuildFile; fileRef = 224C76B72A84CDE800911849 /* RemoteGameListInteractor.swift */; };
		224C76B92A84D03200911849 /* RemoteGameListInteractorTests.swift in Sources */ = {isa = PBXBuildFile; fileRef = 220C65082A83172700CA12B3 /* RemoteGameListInteractorTests.swift */; };
		224C76BB2A84E44800911849 /* API.swift in Sources */ = {isa = PBXBuildFile; fileRef = 224C76BA2A84E44800911849 /* API.swift */; };
		224C76BD2A84E8F200911849 /* APIResponseBase.swift in Sources */ = {isa = PBXBuildFile; fileRef = 224C76BC2A84E8F200911849 /* APIResponseBase.swift */; };
		224C76BF2A8502F500911849 /* CoreDataLocalFavoriteGameListInteractor.swift in Sources */ = {isa = PBXBuildFile; fileRef = 224C76BE2A8502F400911849 /* CoreDataLocalFavoriteGameListInteractor.swift */; };
		224C76C12A85045100911849 /* GameListRemoteWithLocalFallbackInteractor.swift in Sources */ = {isa = PBXBuildFile; fileRef = 224C76C02A85045100911849 /* GameListRemoteWithLocalFallbackInteractor.swift */; };
		224C76C32A85047000911849 /* CoreDataLocalGameListInteractor.swift in Sources */ = {isa = PBXBuildFile; fileRef = 224C76C22A85047000911849 /* CoreDataLocalGameListInteractor.swift */; };
		224C76C42A85AD9F00911849 /* RemoteGameDetailInteractor.swift in Sources */ = {isa = PBXBuildFile; fileRef = 224C76AB2A848EC700911849 /* RemoteGameDetailInteractor.swift */; };
		224C76C62A85AEA200911849 /* GameDetailModel.swift in Sources */ = {isa = PBXBuildFile; fileRef = 224C76C52A85AEA200911849 /* GameDetailModel.swift */; };
		224C76C82A85C0B600911849 /* GameDetailPresenterTests.swift in Sources */ = {isa = PBXBuildFile; fileRef = 224C76C72A85C0B600911849 /* GameDetailPresenterTests.swift */; };
		224C76CA2A85D53D00911849 /* Double+Extension.swift in Sources */ = {isa = PBXBuildFile; fileRef = 224C76C92A85D53D00911849 /* Double+Extension.swift */; };
		224C76CC2A85D68F00911849 /* LocalGameDetailInteractor.swift in Sources */ = {isa = PBXBuildFile; fileRef = 224C76CB2A85D68F00911849 /* LocalGameDetailInteractor.swift */; };
		224C76CE2A85D6DA00911849 /* LocalGameListInteractor.swift in Sources */ = {isa = PBXBuildFile; fileRef = 224C76CD2A85D6DA00911849 /* LocalGameListInteractor.swift */; };
		2252A22C2A83D7DF005F21D9 /* GameListRouter.swift in Sources */ = {isa = PBXBuildFile; fileRef = 2252A22B2A83D7DF005F21D9 /* GameListRouter.swift */; };
		2252A22E2A83D9AB005F21D9 /* Router.swift in Sources */ = {isa = PBXBuildFile; fileRef = 2252A22D2A83D9AB005F21D9 /* Router.swift */; };
		2252A2302A83DAED005F21D9 /* DashboardRouter.swift in Sources */ = {isa = PBXBuildFile; fileRef = 2252A22F2A83DAED005F21D9 /* DashboardRouter.swift */; };
		2252A2352A83E0EA005F21D9 /* FavoriteListRouter.swift in Sources */ = {isa = PBXBuildFile; fileRef = 2252A2342A83E0EA005F21D9 /* FavoriteListRouter.swift */; };
		22B2C64E2A83E49600CFF952 /* GameDetailRouter.swift in Sources */ = {isa = PBXBuildFile; fileRef = 22B2C64D2A83E49600CFF952 /* GameDetailRouter.swift */; };
		22B2C6502A83E78200CFF952 /* WeakProxy.swift in Sources */ = {isa = PBXBuildFile; fileRef = 22B2C64F2A83E78200CFF952 /* WeakProxy.swift */; };
		22B2C6552A83F9D900CFF952 /* PlayRadar.xcdatamodeld in Sources */ = {isa = PBXBuildFile; fileRef = 22B2C6532A83F9D800CFF952 /* PlayRadar.xcdatamodeld */; };
		22B2C6572A83FA3C00CFF952 /* CoreDataDatabase.swift in Sources */ = {isa = PBXBuildFile; fileRef = 22B2C6562A83FA3C00CFF952 /* CoreDataDatabase.swift */; };
/* End PBXBuildFile section */

/* Begin PBXContainerItemProxy section */
		220C64AE2A824F2700CA12B3 /* PBXContainerItemProxy */ = {
			isa = PBXContainerItemProxy;
			containerPortal = 220C648C2A824F2500CA12B3 /* Project object */;
			proxyType = 1;
			remoteGlobalIDString = 220C64932A824F2500CA12B3;
			remoteInfo = PlayRadarApp;
		};
		220C64B82A824F2700CA12B3 /* PBXContainerItemProxy */ = {
			isa = PBXContainerItemProxy;
			containerPortal = 220C648C2A824F2500CA12B3 /* Project object */;
			proxyType = 1;
			remoteGlobalIDString = 220C64932A824F2500CA12B3;
			remoteInfo = PlayRadarApp;
		};
		220C64E52A830A5200CA12B3 /* PBXContainerItemProxy */ = {
			isa = PBXContainerItemProxy;
			containerPortal = 220C648C2A824F2500CA12B3 /* Project object */;
			proxyType = 1;
			remoteGlobalIDString = 220C64D92A830A5100CA12B3;
			remoteInfo = PlayRadar;
		};
		220C64E72A830A5200CA12B3 /* PBXContainerItemProxy */ = {
			isa = PBXContainerItemProxy;
			containerPortal = 220C648C2A824F2500CA12B3 /* Project object */;
			proxyType = 1;
			remoteGlobalIDString = 220C64932A824F2500CA12B3;
			remoteInfo = PlayRadarApp;
		};
		220C64FF2A830E7100CA12B3 /* PBXContainerItemProxy */ = {
			isa = PBXContainerItemProxy;
			containerPortal = 220C648C2A824F2500CA12B3 /* Project object */;
			proxyType = 1;
			remoteGlobalIDString = 220C64D92A830A5100CA12B3;
			remoteInfo = PlayRadar;
		};
/* End PBXContainerItemProxy section */

/* Begin PBXCopyFilesBuildPhase section */
		220C65012A830E7200CA12B3 /* Embed Frameworks */ = {
			isa = PBXCopyFilesBuildPhase;
			buildActionMask = 2147483647;
			dstPath = "";
			dstSubfolderSpec = 10;
			files = (
				220C64FE2A830E7100CA12B3 /* PlayRadar.framework in Embed Frameworks */,
			);
			name = "Embed Frameworks";
			runOnlyForDeploymentPostprocessing = 0;
		};
/* End PBXCopyFilesBuildPhase section */

/* Begin PBXFileReference section */
		220C64942A824F2500CA12B3 /* PlayRadarApp.app */ = {isa = PBXFileReference; explicitFileType = wrapper.application; includeInIndex = 0; path = PlayRadarApp.app; sourceTree = BUILT_PRODUCTS_DIR; };
		220C64972A824F2500CA12B3 /* AppDelegate.swift */ = {isa = PBXFileReference; lastKnownFileType = sourcecode.swift; path = AppDelegate.swift; sourceTree = "<group>"; };
		220C64992A824F2500CA12B3 /* SceneDelegate.swift */ = {isa = PBXFileReference; lastKnownFileType = sourcecode.swift; path = SceneDelegate.swift; sourceTree = "<group>"; };
		220C649B2A824F2500CA12B3 /* DashboardViewController.swift */ = {isa = PBXFileReference; lastKnownFileType = sourcecode.swift; path = DashboardViewController.swift; sourceTree = "<group>"; };
		220C64A32A824F2700CA12B3 /* Assets.xcassets */ = {isa = PBXFileReference; lastKnownFileType = folder.assetcatalog; path = Assets.xcassets; sourceTree = "<group>"; };
		220C64A62A824F2700CA12B3 /* Base */ = {isa = PBXFileReference; lastKnownFileType = file.storyboard; name = Base; path = Base.lproj/LaunchScreen.storyboard; sourceTree = "<group>"; };
		220C64A82A824F2700CA12B3 /* Info.plist */ = {isa = PBXFileReference; lastKnownFileType = text.plist.xml; path = Info.plist; sourceTree = "<group>"; };
		220C64AD2A824F2700CA12B3 /* PlayRadarAppTests.xctest */ = {isa = PBXFileReference; explicitFileType = wrapper.cfbundle; includeInIndex = 0; path = PlayRadarAppTests.xctest; sourceTree = BUILT_PRODUCTS_DIR; };
		220C64B12A824F2700CA12B3 /* GameCellTests.swift */ = {isa = PBXFileReference; lastKnownFileType = sourcecode.swift; path = GameCellTests.swift; sourceTree = "<group>"; };
		220C64B72A824F2700CA12B3 /* PlayRadarAppUITests.xctest */ = {isa = PBXFileReference; explicitFileType = wrapper.cfbundle; includeInIndex = 0; path = PlayRadarAppUITests.xctest; sourceTree = BUILT_PRODUCTS_DIR; };
		220C64BD2A824F2700CA12B3 /* PlayRadarUITestsLaunchTests.swift */ = {isa = PBXFileReference; lastKnownFileType = sourcecode.swift; path = PlayRadarUITestsLaunchTests.swift; sourceTree = "<group>"; };
		220C64CA2A82501100CA12B3 /* GameCell.swift */ = {isa = PBXFileReference; lastKnownFileType = sourcecode.swift; path = GameCell.swift; sourceTree = "<group>"; };
		220C64CC2A82502400CA12B3 /* GameViewModel.swift */ = {isa = PBXFileReference; lastKnownFileType = sourcecode.swift; path = GameViewModel.swift; sourceTree = "<group>"; };
		220C64CE2A8250DB00CA12B3 /* UIImageView+Extension.swift */ = {isa = PBXFileReference; lastKnownFileType = sourcecode.swift; path = "UIImageView+Extension.swift"; sourceTree = "<group>"; };
		220C64D02A8251EB00CA12B3 /* PreviewContainer.swift */ = {isa = PBXFileReference; lastKnownFileType = sourcecode.swift; path = PreviewContainer.swift; sourceTree = "<group>"; };
		220C64DA2A830A5100CA12B3 /* PlayRadar.framework */ = {isa = PBXFileReference; explicitFileType = wrapper.framework; includeInIndex = 0; path = PlayRadar.framework; sourceTree = BUILT_PRODUCTS_DIR; };
		220C64DC2A830A5200CA12B3 /* PlayRadar.h */ = {isa = PBXFileReference; lastKnownFileType = sourcecode.c.h; path = PlayRadar.h; sourceTree = "<group>"; };
		220C64DD2A830A5200CA12B3 /* PlayRadar.docc */ = {isa = PBXFileReference; lastKnownFileType = folder.documentationcatalog; path = PlayRadar.docc; sourceTree = "<group>"; };
		220C64E32A830A5200CA12B3 /* PlayRadarTests.xctest */ = {isa = PBXFileReference; explicitFileType = wrapper.cfbundle; includeInIndex = 0; path = PlayRadarTests.xctest; sourceTree = BUILT_PRODUCTS_DIR; };
		220C64EA2A830A5200CA12B3 /* GameListPresenterTests.swift */ = {isa = PBXFileReference; lastKnownFileType = sourcecode.swift; path = GameListPresenterTests.swift; sourceTree = "<group>"; };
		220C64F82A830C9200CA12B3 /* GameListPresenter.swift */ = {isa = PBXFileReference; lastKnownFileType = sourcecode.swift; path = GameListPresenter.swift; sourceTree = "<group>"; };
		220C65022A83121500CA12B3 /* GameListInteractor.swift */ = {isa = PBXFileReference; lastKnownFileType = sourcecode.swift; path = GameListInteractor.swift; sourceTree = "<group>"; };
		220C65042A83127400CA12B3 /* GameModel.swift */ = {isa = PBXFileReference; lastKnownFileType = sourcecode.swift; path = GameModel.swift; sourceTree = "<group>"; };
		220C65062A83129E00CA12B3 /* Pagination.swift */ = {isa = PBXFileReference; lastKnownFileType = sourcecode.swift; path = Pagination.swift; sourceTree = "<group>"; };
		220C65082A83172700CA12B3 /* RemoteGameListInteractorTests.swift */ = {isa = PBXFileReference; lastKnownFileType = sourcecode.swift; path = RemoteGameListInteractorTests.swift; sourceTree = "<group>"; };
		220C650C2A83184400CA12B3 /* GameDetailPresenter.swift */ = {isa = PBXFileReference; lastKnownFileType = sourcecode.swift; path = GameDetailPresenter.swift; sourceTree = "<group>"; };
		220C650E2A831A6A00CA12B3 /* GameDetailInteractor.swift */ = {isa = PBXFileReference; lastKnownFileType = sourcecode.swift; path = GameDetailInteractor.swift; sourceTree = "<group>"; };
		223FC8132A83268A007B8F02 /* GameDetailViewController.swift */ = {isa = PBXFileReference; lastKnownFileType = sourcecode.swift; path = GameDetailViewController.swift; sourceTree = "<group>"; };
		223FC8172A832FEB007B8F02 /* GameListViewController.swift */ = {isa = PBXFileReference; lastKnownFileType = sourcecode.swift; path = GameListViewController.swift; sourceTree = "<group>"; };
		223FC8192A8334C2007B8F02 /* FavoriteListViewContoller.swift */ = {isa = PBXFileReference; lastKnownFileType = sourcecode.swift; path = FavoriteListViewContoller.swift; sourceTree = "<group>"; };
		224C76A52A83FCCA00911849 /* CDFavorite.swift */ = {isa = PBXFileReference; lastKnownFileType = sourcecode.swift; path = CDFavorite.swift; sourceTree = "<group>"; };
		224C76A72A83FCF300911849 /* CDGame.swift */ = {isa = PBXFileReference; lastKnownFileType = sourcecode.swift; path = CDGame.swift; sourceTree = "<group>"; };
		224C76A92A83FE9500911849 /* NSManagedObject+Context.swift */ = {isa = PBXFileReference; lastKnownFileType = sourcecode.swift; path = "NSManagedObject+Context.swift"; sourceTree = "<group>"; };
		224C76AB2A848EC700911849 /* RemoteGameDetailInteractor.swift */ = {isa = PBXFileReference; lastKnownFileType = sourcecode.swift; path = RemoteGameDetailInteractor.swift; sourceTree = "<group>"; };
		224C76AE2A848F5F00911849 /* CoreDataLocalFavoriteGameInteractor.swift */ = {isa = PBXFileReference; lastKnownFileType = sourcecode.swift; path = CoreDataLocalFavoriteGameInteractor.swift; sourceTree = "<group>"; };
		224C76B02A849C6C00911849 /* CoreDataLocalGameDetailInteractor.swift */ = {isa = PBXFileReference; lastKnownFileType = sourcecode.swift; path = CoreDataLocalGameDetailInteractor.swift; sourceTree = "<group>"; };
		224C76B22A849DAB00911849 /* GameDetailRemoteWithLocalFallbackInteractor.swift */ = {isa = PBXFileReference; lastKnownFileType = sourcecode.swift; path = GameDetailRemoteWithLocalFallbackInteractor.swift; sourceTree = "<group>"; };
		224C76B42A84A1B800911849 /* GameDetailRemoteWithLocalFallbackInteractorTests.swift */ = {isa = PBXFileReference; lastKnownFileType = sourcecode.swift; path = GameDetailRemoteWithLocalFallbackInteractorTests.swift; sourceTree = "<group>"; };
		224C76B72A84CDE800911849 /* RemoteGameListInteractor.swift */ = {isa = PBXFileReference; lastKnownFileType = sourcecode.swift; path = RemoteGameListInteractor.swift; sourceTree = "<group>"; };
		224C76BA2A84E44800911849 /* API.swift */ = {isa = PBXFileReference; lastKnownFileType = sourcecode.swift; path = API.swift; sourceTree = "<group>"; };
		224C76BC2A84E8F200911849 /* APIResponseBase.swift */ = {isa = PBXFileReference; lastKnownFileType = sourcecode.swift; path = APIResponseBase.swift; sourceTree = "<group>"; };
		224C76BE2A8502F400911849 /* CoreDataLocalFavoriteGameListInteractor.swift */ = {isa = PBXFileReference; lastKnownFileType = sourcecode.swift; path = CoreDataLocalFavoriteGameListInteractor.swift; sourceTree = "<group>"; };
		224C76C02A85045100911849 /* GameListRemoteWithLocalFallbackInteractor.swift */ = {isa = PBXFileReference; lastKnownFileType = sourcecode.swift; path = GameListRemoteWithLocalFallbackInteractor.swift; sourceTree = "<group>"; };
		224C76C22A85047000911849 /* CoreDataLocalGameListInteractor.swift */ = {isa = PBXFileReference; lastKnownFileType = sourcecode.swift; path = CoreDataLocalGameListInteractor.swift; sourceTree = "<group>"; };
		224C76C52A85AEA200911849 /* GameDetailModel.swift */ = {isa = PBXFileReference; lastKnownFileType = sourcecode.swift; path = GameDetailModel.swift; sourceTree = "<group>"; };
		224C76C72A85C0B600911849 /* GameDetailPresenterTests.swift */ = {isa = PBXFileReference; lastKnownFileType = sourcecode.swift; path = GameDetailPresenterTests.swift; sourceTree = "<group>"; };
		224C76C92A85D53D00911849 /* Double+Extension.swift */ = {isa = PBXFileReference; lastKnownFileType = sourcecode.swift; path = "Double+Extension.swift"; sourceTree = "<group>"; };
		224C76CB2A85D68F00911849 /* LocalGameDetailInteractor.swift */ = {isa = PBXFileReference; lastKnownFileType = sourcecode.swift; path = LocalGameDetailInteractor.swift; sourceTree = "<group>"; };
		224C76CD2A85D6DA00911849 /* LocalGameListInteractor.swift */ = {isa = PBXFileReference; lastKnownFileType = sourcecode.swift; path = LocalGameListInteractor.swift; sourceTree = "<group>"; };
		2252A22B2A83D7DF005F21D9 /* GameListRouter.swift */ = {isa = PBXFileReference; lastKnownFileType = sourcecode.swift; path = GameListRouter.swift; sourceTree = "<group>"; };
		2252A22D2A83D9AB005F21D9 /* Router.swift */ = {isa = PBXFileReference; lastKnownFileType = sourcecode.swift; path = Router.swift; sourceTree = "<group>"; };
		2252A22F2A83DAED005F21D9 /* DashboardRouter.swift */ = {isa = PBXFileReference; lastKnownFileType = sourcecode.swift; path = DashboardRouter.swift; sourceTree = "<group>"; };
		2252A2342A83E0EA005F21D9 /* FavoriteListRouter.swift */ = {isa = PBXFileReference; lastKnownFileType = sourcecode.swift; path = FavoriteListRouter.swift; sourceTree = "<group>"; };
		22B2C64D2A83E49600CFF952 /* GameDetailRouter.swift */ = {isa = PBXFileReference; lastKnownFileType = sourcecode.swift; path = GameDetailRouter.swift; sourceTree = "<group>"; };
		22B2C64F2A83E78200CFF952 /* WeakProxy.swift */ = {isa = PBXFileReference; lastKnownFileType = sourcecode.swift; path = WeakProxy.swift; sourceTree = "<group>"; };
		22B2C6542A83F9D800CFF952 /* PlayRadar.xcdatamodel */ = {isa = PBXFileReference; lastKnownFileType = wrapper.xcdatamodel; path = PlayRadar.xcdatamodel; sourceTree = "<group>"; };
		22B2C6562A83FA3C00CFF952 /* CoreDataDatabase.swift */ = {isa = PBXFileReference; lastKnownFileType = sourcecode.swift; path = CoreDataDatabase.swift; sourceTree = "<group>"; };
/* End PBXFileReference section */

/* Begin PBXFrameworksBuildPhase section */
		220C64912A824F2500CA12B3 /* Frameworks */ = {
			isa = PBXFrameworksBuildPhase;
			buildActionMask = 2147483647;
			files = (
				220C64FD2A830E7100CA12B3 /* PlayRadar.framework in Frameworks */,
			);
			runOnlyForDeploymentPostprocessing = 0;
		};
		220C64AA2A824F2700CA12B3 /* Frameworks */ = {
			isa = PBXFrameworksBuildPhase;
			buildActionMask = 2147483647;
			files = (
			);
			runOnlyForDeploymentPostprocessing = 0;
		};
		220C64B42A824F2700CA12B3 /* Frameworks */ = {
			isa = PBXFrameworksBuildPhase;
			buildActionMask = 2147483647;
			files = (
			);
			runOnlyForDeploymentPostprocessing = 0;
		};
		220C64D72A830A5100CA12B3 /* Frameworks */ = {
			isa = PBXFrameworksBuildPhase;
			buildActionMask = 2147483647;
			files = (
			);
			runOnlyForDeploymentPostprocessing = 0;
		};
		220C64E02A830A5200CA12B3 /* Frameworks */ = {
			isa = PBXFrameworksBuildPhase;
			buildActionMask = 2147483647;
			files = (
				220C64E42A830A5200CA12B3 /* PlayRadar.framework in Frameworks */,
			);
			runOnlyForDeploymentPostprocessing = 0;
		};
/* End PBXFrameworksBuildPhase section */

/* Begin PBXGroup section */
		220C648B2A824F2500CA12B3 = {
			isa = PBXGroup;
			children = (
				220C64962A824F2500CA12B3 /* PlayRadarApp */,
				220C64B02A824F2700CA12B3 /* PlayRadarAppTests */,
				220C64BA2A824F2700CA12B3 /* PlayRadarAppUITests */,
				220C64DB2A830A5200CA12B3 /* PlayRadar */,
				220C64E92A830A5200CA12B3 /* PlayRadarTests */,
				220C64952A824F2500CA12B3 /* Products */,
				220C64FC2A830E7100CA12B3 /* Frameworks */,
			);
			sourceTree = "<group>";
		};
		220C64952A824F2500CA12B3 /* Products */ = {
			isa = PBXGroup;
			children = (
				220C64942A824F2500CA12B3 /* PlayRadarApp.app */,
				220C64AD2A824F2700CA12B3 /* PlayRadarAppTests.xctest */,
				220C64B72A824F2700CA12B3 /* PlayRadarAppUITests.xctest */,
				220C64DA2A830A5100CA12B3 /* PlayRadar.framework */,
				220C64E32A830A5200CA12B3 /* PlayRadarTests.xctest */,
			);
			name = Products;
			sourceTree = "<group>";
		};
		220C64962A824F2500CA12B3 /* PlayRadarApp */ = {
			isa = PBXGroup;
			children = (
				220C64972A824F2500CA12B3 /* AppDelegate.swift */,
				220C64992A824F2500CA12B3 /* SceneDelegate.swift */,
				2252A2322A83E0CB005F21D9 /* Dashboard */,
				2252A2312A83E0B2005F21D9 /* GameList */,
				2252A22D2A83D9AB005F21D9 /* Router.swift */,
				2252A2332A83E0E1005F21D9 /* Favorite */,
				22B2C64C2A83E48C00CFF952 /* GameDetail */,
				22B2C64F2A83E78200CFF952 /* WeakProxy.swift */,
				220C64CA2A82501100CA12B3 /* GameCell.swift */,
				220C64D02A8251EB00CA12B3 /* PreviewContainer.swift */,
				22B2C6532A83F9D800CFF952 /* PlayRadar.xcdatamodeld */,
				220C64CE2A8250DB00CA12B3 /* UIImageView+Extension.swift */,
				224C76B62A84CDD300911849 /* API */,
				22B2C6582A83FBAB00CFF952 /* Database */,
				220C64A32A824F2700CA12B3 /* Assets.xcassets */,
				220C64A52A824F2700CA12B3 /* LaunchScreen.storyboard */,
				220C64A82A824F2700CA12B3 /* Info.plist */,
			);
			path = PlayRadarApp;
			sourceTree = "<group>";
		};
		220C64B02A824F2700CA12B3 /* PlayRadarAppTests */ = {
			isa = PBXGroup;
			children = (
				220C64B12A824F2700CA12B3 /* GameCellTests.swift */,
				220C65082A83172700CA12B3 /* RemoteGameListInteractorTests.swift */,
				224C76B42A84A1B800911849 /* GameDetailRemoteWithLocalFallbackInteractorTests.swift */,
			);
			path = PlayRadarAppTests;
			sourceTree = "<group>";
		};
		220C64BA2A824F2700CA12B3 /* PlayRadarAppUITests */ = {
			isa = PBXGroup;
			children = (
				220C64BD2A824F2700CA12B3 /* PlayRadarUITestsLaunchTests.swift */,
			);
			path = PlayRadarAppUITests;
			sourceTree = "<group>";
		};
		220C64DB2A830A5200CA12B3 /* PlayRadar */ = {
			isa = PBXGroup;
			children = (
				220C64DC2A830A5200CA12B3 /* PlayRadar.h */,
				220C64CC2A82502400CA12B3 /* GameViewModel.swift */,
				224C76C92A85D53D00911849 /* Double+Extension.swift */,
				220C650A2A83181700CA12B3 /* GameList */,
				220C65062A83129E00CA12B3 /* Pagination.swift */,
				220C650B2A83183800CA12B3 /* GameDetail */,
				220C65042A83127400CA12B3 /* GameModel.swift */,
				224C76C52A85AEA200911849 /* GameDetailModel.swift */,
				220C64DD2A830A5200CA12B3 /* PlayRadar.docc */,
			);
			path = PlayRadar;
			sourceTree = "<group>";
		};
		220C64E92A830A5200CA12B3 /* PlayRadarTests */ = {
			isa = PBXGroup;
			children = (
				220C64EA2A830A5200CA12B3 /* GameListPresenterTests.swift */,
				224C76C72A85C0B600911849 /* GameDetailPresenterTests.swift */,
			);
			path = PlayRadarTests;
			sourceTree = "<group>";
		};
		220C64FC2A830E7100CA12B3 /* Frameworks */ = {
			isa = PBXGroup;
			children = (
			);
			name = Frameworks;
			sourceTree = "<group>";
		};
		220C650A2A83181700CA12B3 /* GameList */ = {
			isa = PBXGroup;
			children = (
				220C64F82A830C9200CA12B3 /* GameListPresenter.swift */,
				220C65022A83121500CA12B3 /* GameListInteractor.swift */,
				224C76CD2A85D6DA00911849 /* LocalGameListInteractor.swift */,
			);
			path = GameList;
			sourceTree = "<group>";
		};
		220C650B2A83183800CA12B3 /* GameDetail */ = {
			isa = PBXGroup;
			children = (
				220C650C2A83184400CA12B3 /* GameDetailPresenter.swift */,
				220C650E2A831A6A00CA12B3 /* GameDetailInteractor.swift */,
				224C76CB2A85D68F00911849 /* LocalGameDetailInteractor.swift */,
			);
			path = GameDetail;
			sourceTree = "<group>";
		};
		224C76AD2A848F4D00911849 /* GameDetail */ = {
			isa = PBXGroup;
			children = (
				224C76AE2A848F5F00911849 /* CoreDataLocalFavoriteGameInteractor.swift */,
				224C76BE2A8502F400911849 /* CoreDataLocalFavoriteGameListInteractor.swift */,
				224C76C22A85047000911849 /* CoreDataLocalGameListInteractor.swift */,
				224C76B02A849C6C00911849 /* CoreDataLocalGameDetailInteractor.swift */,
			);
			path = GameDetail;
			sourceTree = "<group>";
		};
		224C76B62A84CDD300911849 /* API */ = {
			isa = PBXGroup;
			children = (
				224C76B72A84CDE800911849 /* RemoteGameListInteractor.swift */,
				224C76AB2A848EC700911849 /* RemoteGameDetailInteractor.swift */,
				224C76BC2A84E8F200911849 /* APIResponseBase.swift */,
				224C76BA2A84E44800911849 /* API.swift */,
			);
			path = API;
			sourceTree = "<group>";
		};
		2252A2312A83E0B2005F21D9 /* GameList */ = {
			isa = PBXGroup;
			children = (
				223FC8172A832FEB007B8F02 /* GameListViewController.swift */,
				2252A22B2A83D7DF005F21D9 /* GameListRouter.swift */,
				224C76C02A85045100911849 /* GameListRemoteWithLocalFallbackInteractor.swift */,
			);
			path = GameList;
			sourceTree = "<group>";
		};
		2252A2322A83E0CB005F21D9 /* Dashboard */ = {
			isa = PBXGroup;
			children = (
				220C649B2A824F2500CA12B3 /* DashboardViewController.swift */,
				2252A22F2A83DAED005F21D9 /* DashboardRouter.swift */,
			);
			path = Dashboard;
			sourceTree = "<group>";
		};
		2252A2332A83E0E1005F21D9 /* Favorite */ = {
			isa = PBXGroup;
			children = (
				223FC8192A8334C2007B8F02 /* FavoriteListViewContoller.swift */,
				2252A2342A83E0EA005F21D9 /* FavoriteListRouter.swift */,
			);
			path = Favorite;
			sourceTree = "<group>";
		};
		22B2C64C2A83E48C00CFF952 /* GameDetail */ = {
			isa = PBXGroup;
			children = (
				223FC8132A83268A007B8F02 /* GameDetailViewController.swift */,
				22B2C64D2A83E49600CFF952 /* GameDetailRouter.swift */,
				224C76B22A849DAB00911849 /* GameDetailRemoteWithLocalFallbackInteractor.swift */,
			);
			path = GameDetail;
			sourceTree = "<group>";
		};
		22B2C6582A83FBAB00CFF952 /* Database */ = {
			isa = PBXGroup;
			children = (
				224C76AD2A848F4D00911849 /* GameDetail */,
				22B2C6562A83FA3C00CFF952 /* CoreDataDatabase.swift */,
				224C76A52A83FCCA00911849 /* CDFavorite.swift */,
				224C76A72A83FCF300911849 /* CDGame.swift */,
				224C76A92A83FE9500911849 /* NSManagedObject+Context.swift */,
			);
			path = Database;
			sourceTree = "<group>";
		};
/* End PBXGroup section */

/* Begin PBXHeadersBuildPhase section */
		220C64D52A830A5100CA12B3 /* Headers */ = {
			isa = PBXHeadersBuildPhase;
			buildActionMask = 2147483647;
			files = (
				220C64EC2A830A5200CA12B3 /* PlayRadar.h in Headers */,
			);
			runOnlyForDeploymentPostprocessing = 0;
		};
/* End PBXHeadersBuildPhase section */

/* Begin PBXNativeTarget section */
		220C64932A824F2500CA12B3 /* PlayRadarApp */ = {
			isa = PBXNativeTarget;
			buildConfigurationList = 220C64C12A824F2700CA12B3 /* Build configuration list for PBXNativeTarget "PlayRadarApp" */;
			buildPhases = (
				220C64902A824F2500CA12B3 /* Sources */,
				220C64912A824F2500CA12B3 /* Frameworks */,
				220C64922A824F2500CA12B3 /* Resources */,
				220C65012A830E7200CA12B3 /* Embed Frameworks */,
			);
			buildRules = (
			);
			dependencies = (
				220C65002A830E7100CA12B3 /* PBXTargetDependency */,
			);
			name = PlayRadarApp;
			productName = PlayRadarApp;
			productReference = 220C64942A824F2500CA12B3 /* PlayRadarApp.app */;
			productType = "com.apple.product-type.application";
		};
		220C64AC2A824F2700CA12B3 /* PlayRadarAppTests */ = {
			isa = PBXNativeTarget;
			buildConfigurationList = 220C64C42A824F2700CA12B3 /* Build configuration list for PBXNativeTarget "PlayRadarAppTests" */;
			buildPhases = (
				220C64A92A824F2700CA12B3 /* Sources */,
				220C64AA2A824F2700CA12B3 /* Frameworks */,
				220C64AB2A824F2700CA12B3 /* Resources */,
			);
			buildRules = (
			);
			dependencies = (
				220C64AF2A824F2700CA12B3 /* PBXTargetDependency */,
			);
			name = PlayRadarAppTests;
			productName = PlayRadarAppTests;
			productReference = 220C64AD2A824F2700CA12B3 /* PlayRadarAppTests.xctest */;
			productType = "com.apple.product-type.bundle.unit-test";
		};
		220C64B62A824F2700CA12B3 /* PlayRadarAppUITests */ = {
			isa = PBXNativeTarget;
			buildConfigurationList = 220C64C72A824F2700CA12B3 /* Build configuration list for PBXNativeTarget "PlayRadarAppUITests" */;
			buildPhases = (
				220C64B32A824F2700CA12B3 /* Sources */,
				220C64B42A824F2700CA12B3 /* Frameworks */,
				220C64B52A824F2700CA12B3 /* Resources */,
			);
			buildRules = (
			);
			dependencies = (
				220C64B92A824F2700CA12B3 /* PBXTargetDependency */,
			);
			name = PlayRadarAppUITests;
			productName = PlayRadarAppUITests;
			productReference = 220C64B72A824F2700CA12B3 /* PlayRadarAppUITests.xctest */;
			productType = "com.apple.product-type.bundle.ui-testing";
		};
		220C64D92A830A5100CA12B3 /* PlayRadar */ = {
			isa = PBXNativeTarget;
			buildConfigurationList = 220C64F12A830A5200CA12B3 /* Build configuration list for PBXNativeTarget "PlayRadar" */;
			buildPhases = (
				220C64D52A830A5100CA12B3 /* Headers */,
				220C64D62A830A5100CA12B3 /* Sources */,
				220C64D72A830A5100CA12B3 /* Frameworks */,
				220C64D82A830A5100CA12B3 /* Resources */,
			);
			buildRules = (
			);
			dependencies = (
			);
			name = PlayRadar;
			productName = PlayRadar;
			productReference = 220C64DA2A830A5100CA12B3 /* PlayRadar.framework */;
			productType = "com.apple.product-type.framework";
		};
		220C64E22A830A5200CA12B3 /* PlayRadarTests */ = {
			isa = PBXNativeTarget;
			buildConfigurationList = 220C64F52A830A5200CA12B3 /* Build configuration list for PBXNativeTarget "PlayRadarTests" */;
			buildPhases = (
				220C64DF2A830A5200CA12B3 /* Sources */,
				220C64E02A830A5200CA12B3 /* Frameworks */,
				220C64E12A830A5200CA12B3 /* Resources */,
			);
			buildRules = (
			);
			dependencies = (
				220C64E62A830A5200CA12B3 /* PBXTargetDependency */,
				220C64E82A830A5200CA12B3 /* PBXTargetDependency */,
			);
			name = PlayRadarTests;
			productName = PlayRadarTests;
			productReference = 220C64E32A830A5200CA12B3 /* PlayRadarTests.xctest */;
			productType = "com.apple.product-type.bundle.unit-test";
		};
/* End PBXNativeTarget section */

/* Begin PBXProject section */
		220C648C2A824F2500CA12B3 /* Project object */ = {
			isa = PBXProject;
			attributes = {
				BuildIndependentTargetsInParallel = 1;
				LastSwiftUpdateCheck = 1430;
				LastUpgradeCheck = 1430;
				TargetAttributes = {
					220C64932A824F2500CA12B3 = {
						CreatedOnToolsVersion = 14.3;
					};
					220C64AC2A824F2700CA12B3 = {
						CreatedOnToolsVersion = 14.3;
						TestTargetID = 220C64932A824F2500CA12B3;
					};
					220C64B62A824F2700CA12B3 = {
						CreatedOnToolsVersion = 14.3;
						TestTargetID = 220C64932A824F2500CA12B3;
					};
					220C64D92A830A5100CA12B3 = {
						CreatedOnToolsVersion = 14.3;
					};
					220C64E22A830A5200CA12B3 = {
						CreatedOnToolsVersion = 14.3;
						TestTargetID = 220C64932A824F2500CA12B3;
					};
				};
			};
			buildConfigurationList = 220C648F2A824F2500CA12B3 /* Build configuration list for PBXProject "PlayRadar" */;
			compatibilityVersion = "Xcode 14.0";
			developmentRegion = en;
			hasScannedForEncodings = 0;
			knownRegions = (
				en,
				Base,
			);
			mainGroup = 220C648B2A824F2500CA12B3;
			productRefGroup = 220C64952A824F2500CA12B3 /* Products */;
			projectDirPath = "";
			projectRoot = "";
			targets = (
				220C64932A824F2500CA12B3 /* PlayRadarApp */,
				220C64AC2A824F2700CA12B3 /* PlayRadarAppTests */,
				220C64B62A824F2700CA12B3 /* PlayRadarAppUITests */,
				220C64D92A830A5100CA12B3 /* PlayRadar */,
				220C64E22A830A5200CA12B3 /* PlayRadarTests */,
			);
		};
/* End PBXProject section */

/* Begin PBXResourcesBuildPhase section */
		220C64922A824F2500CA12B3 /* Resources */ = {
			isa = PBXResourcesBuildPhase;
			buildActionMask = 2147483647;
			files = (
				220C64A72A824F2700CA12B3 /* LaunchScreen.storyboard in Resources */,
				220C64A42A824F2700CA12B3 /* Assets.xcassets in Resources */,
			);
			runOnlyForDeploymentPostprocessing = 0;
		};
		220C64AB2A824F2700CA12B3 /* Resources */ = {
			isa = PBXResourcesBuildPhase;
			buildActionMask = 2147483647;
			files = (
			);
			runOnlyForDeploymentPostprocessing = 0;
		};
		220C64B52A824F2700CA12B3 /* Resources */ = {
			isa = PBXResourcesBuildPhase;
			buildActionMask = 2147483647;
			files = (
			);
			runOnlyForDeploymentPostprocessing = 0;
		};
		220C64D82A830A5100CA12B3 /* Resources */ = {
			isa = PBXResourcesBuildPhase;
			buildActionMask = 2147483647;
			files = (
			);
			runOnlyForDeploymentPostprocessing = 0;
		};
		220C64E12A830A5200CA12B3 /* Resources */ = {
			isa = PBXResourcesBuildPhase;
			buildActionMask = 2147483647;
			files = (
			);
			runOnlyForDeploymentPostprocessing = 0;
		};
/* End PBXResourcesBuildPhase section */

/* Begin PBXSourcesBuildPhase section */
		220C64902A824F2500CA12B3 /* Sources */ = {
			isa = PBXSourcesBuildPhase;
			buildActionMask = 2147483647;
			files = (
				224C76A82A83FCF300911849 /* CDGame.swift in Sources */,
				220C64CB2A82501100CA12B3 /* GameCell.swift in Sources */,
				224C76B12A849C6C00911849 /* CoreDataLocalGameDetailInteractor.swift in Sources */,
				224C76AF2A848F5F00911849 /* CoreDataLocalFavoriteGameInteractor.swift in Sources */,
				224C76A62A83FCCA00911849 /* CDFavorite.swift in Sources */,
				220C649C2A824F2500CA12B3 /* DashboardViewController.swift in Sources */,
				224C76B32A849DAB00911849 /* GameDetailRemoteWithLocalFallbackInteractor.swift in Sources */,
				224C76C42A85AD9F00911849 /* RemoteGameDetailInteractor.swift in Sources */,
				224C76BB2A84E44800911849 /* API.swift in Sources */,
				220C64CF2A8250DB00CA12B3 /* UIImageView+Extension.swift in Sources */,
				224C76AA2A83FE9500911849 /* NSManagedObject+Context.swift in Sources */,
				22B2C6502A83E78200CFF952 /* WeakProxy.swift in Sources */,
				2252A22E2A83D9AB005F21D9 /* Router.swift in Sources */,
				224C76BD2A84E8F200911849 /* APIResponseBase.swift in Sources */,
				224C76B82A84CDE800911849 /* RemoteGameListInteractor.swift in Sources */,
				2252A22C2A83D7DF005F21D9 /* GameListRouter.swift in Sources */,
				22B2C6572A83FA3C00CFF952 /* CoreDataDatabase.swift in Sources */,
				2252A2352A83E0EA005F21D9 /* FavoriteListRouter.swift in Sources */,
				223FC8182A832FEB007B8F02 /* GameListViewController.swift in Sources */,
				22B2C6552A83F9D900CFF952 /* PlayRadar.xcdatamodeld in Sources */,
				224C76BF2A8502F500911849 /* CoreDataLocalFavoriteGameListInteractor.swift in Sources */,
				220C64982A824F2500CA12B3 /* AppDelegate.swift in Sources */,
				224C76C12A85045100911849 /* GameListRemoteWithLocalFallbackInteractor.swift in Sources */,
				223FC8142A83268A007B8F02 /* GameDetailViewController.swift in Sources */,
				220C649A2A824F2500CA12B3 /* SceneDelegate.swift in Sources */,
				22B2C64E2A83E49600CFF952 /* GameDetailRouter.swift in Sources */,
				224C76C32A85047000911849 /* CoreDataLocalGameListInteractor.swift in Sources */,
				220C64D12A8251EB00CA12B3 /* PreviewContainer.swift in Sources */,
				223FC81A2A8334C2007B8F02 /* FavoriteListViewContoller.swift in Sources */,
				2252A2302A83DAED005F21D9 /* DashboardRouter.swift in Sources */,
			);
			runOnlyForDeploymentPostprocessing = 0;
		};
		220C64A92A824F2700CA12B3 /* Sources */ = {
			isa = PBXSourcesBuildPhase;
			buildActionMask = 2147483647;
			files = (
				220C64B22A824F2700CA12B3 /* GameCellTests.swift in Sources */,
				224C76B52A84A1B800911849 /* GameDetailRemoteWithLocalFallbackInteractorTests.swift in Sources */,
				224C76B92A84D03200911849 /* RemoteGameListInteractorTests.swift in Sources */,
			);
			runOnlyForDeploymentPostprocessing = 0;
		};
		220C64B32A824F2700CA12B3 /* Sources */ = {
			isa = PBXSourcesBuildPhase;
			buildActionMask = 2147483647;
			files = (
				220C64BE2A824F2700CA12B3 /* PlayRadarUITestsLaunchTests.swift in Sources */,
			);
			runOnlyForDeploymentPostprocessing = 0;
		};
		220C64D62A830A5100CA12B3 /* Sources */ = {
			isa = PBXSourcesBuildPhase;
			buildActionMask = 2147483647;
			files = (
				220C65052A83127400CA12B3 /* GameModel.swift in Sources */,
				220C65032A83121500CA12B3 /* GameListInteractor.swift in Sources */,
				220C64FB2A830D7100CA12B3 /* GameViewModel.swift in Sources */,
				220C65072A83129E00CA12B3 /* Pagination.swift in Sources */,
				220C650D2A83184400CA12B3 /* GameDetailPresenter.swift in Sources */,
				224C76CC2A85D68F00911849 /* LocalGameDetailInteractor.swift in Sources */,
				224C76C62A85AEA200911849 /* GameDetailModel.swift in Sources */,
				220C650F2A831A6A00CA12B3 /* GameDetailInteractor.swift in Sources */,
				224C76CE2A85D6DA00911849 /* LocalGameListInteractor.swift in Sources */,
				220C64F92A830C9200CA12B3 /* GameListPresenter.swift in Sources */,
				224C76CA2A85D53D00911849 /* Double+Extension.swift in Sources */,
				220C64DE2A830A5200CA12B3 /* PlayRadar.docc in Sources */,
			);
			runOnlyForDeploymentPostprocessing = 0;
		};
		220C64DF2A830A5200CA12B3 /* Sources */ = {
			isa = PBXSourcesBuildPhase;
			buildActionMask = 2147483647;
			files = (
				220C64EB2A830A5200CA12B3 /* GameListPresenterTests.swift in Sources */,
				224C76C82A85C0B600911849 /* GameDetailPresenterTests.swift in Sources */,
			);
			runOnlyForDeploymentPostprocessing = 0;
		};
/* End PBXSourcesBuildPhase section */

/* Begin PBXTargetDependency section */
		220C64AF2A824F2700CA12B3 /* PBXTargetDependency */ = {
			isa = PBXTargetDependency;
			target = 220C64932A824F2500CA12B3 /* PlayRadarApp */;
			targetProxy = 220C64AE2A824F2700CA12B3 /* PBXContainerItemProxy */;
		};
		220C64B92A824F2700CA12B3 /* PBXTargetDependency */ = {
			isa = PBXTargetDependency;
			target = 220C64932A824F2500CA12B3 /* PlayRadarApp */;
			targetProxy = 220C64B82A824F2700CA12B3 /* PBXContainerItemProxy */;
		};
		220C64E62A830A5200CA12B3 /* PBXTargetDependency */ = {
			isa = PBXTargetDependency;
			target = 220C64D92A830A5100CA12B3 /* PlayRadar */;
			targetProxy = 220C64E52A830A5200CA12B3 /* PBXContainerItemProxy */;
		};
		220C64E82A830A5200CA12B3 /* PBXTargetDependency */ = {
			isa = PBXTargetDependency;
			target = 220C64932A824F2500CA12B3 /* PlayRadarApp */;
			targetProxy = 220C64E72A830A5200CA12B3 /* PBXContainerItemProxy */;
		};
		220C65002A830E7100CA12B3 /* PBXTargetDependency */ = {
			isa = PBXTargetDependency;
			target = 220C64D92A830A5100CA12B3 /* PlayRadar */;
			targetProxy = 220C64FF2A830E7100CA12B3 /* PBXContainerItemProxy */;
		};
/* End PBXTargetDependency section */

/* Begin PBXVariantGroup section */
		220C64A52A824F2700CA12B3 /* LaunchScreen.storyboard */ = {
			isa = PBXVariantGroup;
			children = (
				220C64A62A824F2700CA12B3 /* Base */,
			);
			name = LaunchScreen.storyboard;
			sourceTree = "<group>";
		};
/* End PBXVariantGroup section */

/* Begin XCBuildConfiguration section */
		220C64BF2A824F2700CA12B3 /* Debug */ = {
			isa = XCBuildConfiguration;
			buildSettings = {
				ALWAYS_SEARCH_USER_PATHS = NO;
				CLANG_ANALYZER_NONNULL = YES;
				CLANG_ANALYZER_NUMBER_OBJECT_CONVERSION = YES_AGGRESSIVE;
				CLANG_CXX_LANGUAGE_STANDARD = "gnu++20";
				CLANG_ENABLE_MODULES = YES;
				CLANG_ENABLE_OBJC_ARC = YES;
				CLANG_ENABLE_OBJC_WEAK = YES;
				CLANG_WARN_BLOCK_CAPTURE_AUTORELEASING = YES;
				CLANG_WARN_BOOL_CONVERSION = YES;
				CLANG_WARN_COMMA = YES;
				CLANG_WARN_CONSTANT_CONVERSION = YES;
				CLANG_WARN_DEPRECATED_OBJC_IMPLEMENTATIONS = YES;
				CLANG_WARN_DIRECT_OBJC_ISA_USAGE = YES_ERROR;
				CLANG_WARN_DOCUMENTATION_COMMENTS = YES;
				CLANG_WARN_EMPTY_BODY = YES;
				CLANG_WARN_ENUM_CONVERSION = YES;
				CLANG_WARN_INFINITE_RECURSION = YES;
				CLANG_WARN_INT_CONVERSION = YES;
				CLANG_WARN_NON_LITERAL_NULL_CONVERSION = YES;
				CLANG_WARN_OBJC_IMPLICIT_RETAIN_SELF = YES;
				CLANG_WARN_OBJC_LITERAL_CONVERSION = YES;
				CLANG_WARN_OBJC_ROOT_CLASS = YES_ERROR;
				CLANG_WARN_QUOTED_INCLUDE_IN_FRAMEWORK_HEADER = YES;
				CLANG_WARN_RANGE_LOOP_ANALYSIS = YES;
				CLANG_WARN_STRICT_PROTOTYPES = YES;
				CLANG_WARN_SUSPICIOUS_MOVE = YES;
				CLANG_WARN_UNGUARDED_AVAILABILITY = YES_AGGRESSIVE;
				CLANG_WARN_UNREACHABLE_CODE = YES;
				CLANG_WARN__DUPLICATE_METHOD_MATCH = YES;
				COPY_PHASE_STRIP = NO;
				DEBUG_INFORMATION_FORMAT = dwarf;
				ENABLE_STRICT_OBJC_MSGSEND = YES;
				ENABLE_TESTABILITY = YES;
				GCC_C_LANGUAGE_STANDARD = gnu11;
				GCC_DYNAMIC_NO_PIC = NO;
				GCC_NO_COMMON_BLOCKS = YES;
				GCC_OPTIMIZATION_LEVEL = 0;
				GCC_PREPROCESSOR_DEFINITIONS = (
					"DEBUG=1",
					"$(inherited)",
				);
				GCC_WARN_64_TO_32_BIT_CONVERSION = YES;
				GCC_WARN_ABOUT_RETURN_TYPE = YES_ERROR;
				GCC_WARN_UNDECLARED_SELECTOR = YES;
				GCC_WARN_UNINITIALIZED_AUTOS = YES_AGGRESSIVE;
				GCC_WARN_UNUSED_FUNCTION = YES;
				GCC_WARN_UNUSED_VARIABLE = YES;
				IPHONEOS_DEPLOYMENT_TARGET = 16.4;
				MTL_ENABLE_DEBUG_INFO = INCLUDE_SOURCE;
				MTL_FAST_MATH = YES;
				ONLY_ACTIVE_ARCH = YES;
				SDKROOT = iphoneos;
				SWIFT_ACTIVE_COMPILATION_CONDITIONS = DEBUG;
				SWIFT_OPTIMIZATION_LEVEL = "-Onone";
			};
			name = Debug;
		};
		220C64C02A824F2700CA12B3 /* Release */ = {
			isa = XCBuildConfiguration;
			buildSettings = {
				ALWAYS_SEARCH_USER_PATHS = NO;
				CLANG_ANALYZER_NONNULL = YES;
				CLANG_ANALYZER_NUMBER_OBJECT_CONVERSION = YES_AGGRESSIVE;
				CLANG_CXX_LANGUAGE_STANDARD = "gnu++20";
				CLANG_ENABLE_MODULES = YES;
				CLANG_ENABLE_OBJC_ARC = YES;
				CLANG_ENABLE_OBJC_WEAK = YES;
				CLANG_WARN_BLOCK_CAPTURE_AUTORELEASING = YES;
				CLANG_WARN_BOOL_CONVERSION = YES;
				CLANG_WARN_COMMA = YES;
				CLANG_WARN_CONSTANT_CONVERSION = YES;
				CLANG_WARN_DEPRECATED_OBJC_IMPLEMENTATIONS = YES;
				CLANG_WARN_DIRECT_OBJC_ISA_USAGE = YES_ERROR;
				CLANG_WARN_DOCUMENTATION_COMMENTS = YES;
				CLANG_WARN_EMPTY_BODY = YES;
				CLANG_WARN_ENUM_CONVERSION = YES;
				CLANG_WARN_INFINITE_RECURSION = YES;
				CLANG_WARN_INT_CONVERSION = YES;
				CLANG_WARN_NON_LITERAL_NULL_CONVERSION = YES;
				CLANG_WARN_OBJC_IMPLICIT_RETAIN_SELF = YES;
				CLANG_WARN_OBJC_LITERAL_CONVERSION = YES;
				CLANG_WARN_OBJC_ROOT_CLASS = YES_ERROR;
				CLANG_WARN_QUOTED_INCLUDE_IN_FRAMEWORK_HEADER = YES;
				CLANG_WARN_RANGE_LOOP_ANALYSIS = YES;
				CLANG_WARN_STRICT_PROTOTYPES = YES;
				CLANG_WARN_SUSPICIOUS_MOVE = YES;
				CLANG_WARN_UNGUARDED_AVAILABILITY = YES_AGGRESSIVE;
				CLANG_WARN_UNREACHABLE_CODE = YES;
				CLANG_WARN__DUPLICATE_METHOD_MATCH = YES;
				COPY_PHASE_STRIP = NO;
				DEBUG_INFORMATION_FORMAT = "dwarf-with-dsym";
				ENABLE_NS_ASSERTIONS = NO;
				ENABLE_STRICT_OBJC_MSGSEND = YES;
				GCC_C_LANGUAGE_STANDARD = gnu11;
				GCC_NO_COMMON_BLOCKS = YES;
				GCC_WARN_64_TO_32_BIT_CONVERSION = YES;
				GCC_WARN_ABOUT_RETURN_TYPE = YES_ERROR;
				GCC_WARN_UNDECLARED_SELECTOR = YES;
				GCC_WARN_UNINITIALIZED_AUTOS = YES_AGGRESSIVE;
				GCC_WARN_UNUSED_FUNCTION = YES;
				GCC_WARN_UNUSED_VARIABLE = YES;
				IPHONEOS_DEPLOYMENT_TARGET = 16.4;
				MTL_ENABLE_DEBUG_INFO = NO;
				MTL_FAST_MATH = YES;
				SDKROOT = iphoneos;
				SWIFT_COMPILATION_MODE = wholemodule;
				SWIFT_OPTIMIZATION_LEVEL = "-O";
				VALIDATE_PRODUCT = YES;
			};
			name = Release;
		};
		220C64C22A824F2700CA12B3 /* Debug */ = {
			isa = XCBuildConfiguration;
			buildSettings = {
				ASSETCATALOG_COMPILER_APPICON_NAME = AppIcon;
				ASSETCATALOG_COMPILER_GLOBAL_ACCENT_COLOR_NAME = AccentColor;
				CODE_SIGN_STYLE = Automatic;
				CURRENT_PROJECT_VERSION = 1;
				DEVELOPMENT_TEAM = SDSLU2QT5X;
				GENERATE_INFOPLIST_FILE = YES;
				INFOPLIST_FILE = PlayRadarApp/Info.plist;
				INFOPLIST_KEY_UIApplicationSupportsIndirectInputEvents = YES;
				INFOPLIST_KEY_UILaunchStoryboardName = LaunchScreen;
				INFOPLIST_KEY_UISupportedInterfaceOrientations_iPad = "UIInterfaceOrientationPortrait UIInterfaceOrientationPortraitUpsideDown UIInterfaceOrientationLandscapeLeft UIInterfaceOrientationLandscapeRight";
				INFOPLIST_KEY_UISupportedInterfaceOrientations_iPhone = "UIInterfaceOrientationPortrait UIInterfaceOrientationLandscapeLeft UIInterfaceOrientationLandscapeRight";
				LD_RUNPATH_SEARCH_PATHS = (
					"$(inherited)",
					"@executable_path/Frameworks",
				);
				MARKETING_VERSION = 1.0;
				PRODUCT_BUNDLE_IDENTIFIER = com.muizidn.PlayRadarApp;
				PRODUCT_NAME = "$(TARGET_NAME)";
				SWIFT_EMIT_LOC_STRINGS = YES;
				SWIFT_VERSION = 5.0;
				TARGETED_DEVICE_FAMILY = "1,2";
			};
			name = Debug;
		};
		220C64C32A824F2700CA12B3 /* Release */ = {
			isa = XCBuildConfiguration;
			buildSettings = {
				ASSETCATALOG_COMPILER_APPICON_NAME = AppIcon;
				ASSETCATALOG_COMPILER_GLOBAL_ACCENT_COLOR_NAME = AccentColor;
				CODE_SIGN_STYLE = Automatic;
				CURRENT_PROJECT_VERSION = 1;
				DEVELOPMENT_TEAM = SDSLU2QT5X;
				GENERATE_INFOPLIST_FILE = YES;
				INFOPLIST_FILE = PlayRadarApp/Info.plist;
				INFOPLIST_KEY_UIApplicationSupportsIndirectInputEvents = YES;
				INFOPLIST_KEY_UILaunchStoryboardName = LaunchScreen;
				INFOPLIST_KEY_UISupportedInterfaceOrientations_iPad = "UIInterfaceOrientationPortrait UIInterfaceOrientationPortraitUpsideDown UIInterfaceOrientationLandscapeLeft UIInterfaceOrientationLandscapeRight";
				INFOPLIST_KEY_UISupportedInterfaceOrientations_iPhone = "UIInterfaceOrientationPortrait UIInterfaceOrientationLandscapeLeft UIInterfaceOrientationLandscapeRight";
				LD_RUNPATH_SEARCH_PATHS = (
					"$(inherited)",
					"@executable_path/Frameworks",
				);
				MARKETING_VERSION = 1.0;
				PRODUCT_BUNDLE_IDENTIFIER = com.muizidn.PlayRadarApp;
				PRODUCT_NAME = "$(TARGET_NAME)";
				SWIFT_EMIT_LOC_STRINGS = YES;
				SWIFT_VERSION = 5.0;
				TARGETED_DEVICE_FAMILY = "1,2";
			};
			name = Release;
		};
		220C64C52A824F2700CA12B3 /* Debug */ = {
			isa = XCBuildConfiguration;
			buildSettings = {
				ALWAYS_EMBED_SWIFT_STANDARD_LIBRARIES = YES;
				BUNDLE_LOADER = "$(TEST_HOST)";
				CODE_SIGN_STYLE = Automatic;
				CURRENT_PROJECT_VERSION = 1;
				DEVELOPMENT_TEAM = SDSLU2QT5X;
				GENERATE_INFOPLIST_FILE = YES;
				IPHONEOS_DEPLOYMENT_TARGET = 16.4;
				MARKETING_VERSION = 1.0;
				PRODUCT_BUNDLE_IDENTIFIER = com.muizidn.PlayRadarAppTests;
				PRODUCT_NAME = "$(TARGET_NAME)";
				SWIFT_EMIT_LOC_STRINGS = NO;
				SWIFT_VERSION = 5.0;
				TARGETED_DEVICE_FAMILY = "1,2";
				TEST_HOST = "$(BUILT_PRODUCTS_DIR)/PlayRadarApp.app/$(BUNDLE_EXECUTABLE_FOLDER_PATH)/PlayRadarApp";
			};
			name = Debug;
		};
		220C64C62A824F2700CA12B3 /* Release */ = {
			isa = XCBuildConfiguration;
			buildSettings = {
				ALWAYS_EMBED_SWIFT_STANDARD_LIBRARIES = YES;
				BUNDLE_LOADER = "$(TEST_HOST)";
				CODE_SIGN_STYLE = Automatic;
				CURRENT_PROJECT_VERSION = 1;
				DEVELOPMENT_TEAM = SDSLU2QT5X;
				GENERATE_INFOPLIST_FILE = YES;
				IPHONEOS_DEPLOYMENT_TARGET = 16.4;
				MARKETING_VERSION = 1.0;
				PRODUCT_BUNDLE_IDENTIFIER = com.muizidn.PlayRadarAppTests;
				PRODUCT_NAME = "$(TARGET_NAME)";
				SWIFT_EMIT_LOC_STRINGS = NO;
				SWIFT_VERSION = 5.0;
				TARGETED_DEVICE_FAMILY = "1,2";
				TEST_HOST = "$(BUILT_PRODUCTS_DIR)/PlayRadarApp.app/$(BUNDLE_EXECUTABLE_FOLDER_PATH)/PlayRadarApp";
			};
			name = Release;
		};
		220C64C82A824F2700CA12B3 /* Debug */ = {
			isa = XCBuildConfiguration;
			buildSettings = {
				ALWAYS_EMBED_SWIFT_STANDARD_LIBRARIES = YES;
				CODE_SIGN_STYLE = Automatic;
				CURRENT_PROJECT_VERSION = 1;
				DEVELOPMENT_TEAM = SDSLU2QT5X;
				GENERATE_INFOPLIST_FILE = YES;
				MARKETING_VERSION = 1.0;
				PRODUCT_BUNDLE_IDENTIFIER = com.muizidn.PlayRadarAppUITests;
				PRODUCT_NAME = "$(TARGET_NAME)";
				SWIFT_EMIT_LOC_STRINGS = NO;
				SWIFT_VERSION = 5.0;
				TARGETED_DEVICE_FAMILY = "1,2";
				TEST_TARGET_NAME = PlayRadarApp;
			};
			name = Debug;
		};
		220C64C92A824F2700CA12B3 /* Release */ = {
			isa = XCBuildConfiguration;
			buildSettings = {
				ALWAYS_EMBED_SWIFT_STANDARD_LIBRARIES = YES;
				CODE_SIGN_STYLE = Automatic;
				CURRENT_PROJECT_VERSION = 1;
				DEVELOPMENT_TEAM = SDSLU2QT5X;
				GENERATE_INFOPLIST_FILE = YES;
				MARKETING_VERSION = 1.0;
				PRODUCT_BUNDLE_IDENTIFIER = com.muizidn.PlayRadarAppUITests;
				PRODUCT_NAME = "$(TARGET_NAME)";
				SWIFT_EMIT_LOC_STRINGS = NO;
				SWIFT_VERSION = 5.0;
				TARGETED_DEVICE_FAMILY = "1,2";
				TEST_TARGET_NAME = PlayRadarApp;
			};
			name = Release;
		};
		220C64F22A830A5200CA12B3 /* Debug */ = {
			isa = XCBuildConfiguration;
			buildSettings = {
				CODE_SIGN_STYLE = Automatic;
				CURRENT_PROJECT_VERSION = 1;
				DEFINES_MODULE = YES;
				DEVELOPMENT_TEAM = SDSLU2QT5X;
				DYLIB_COMPATIBILITY_VERSION = 1;
				DYLIB_CURRENT_VERSION = 1;
				DYLIB_INSTALL_NAME_BASE = "@rpath";
				ENABLE_MODULE_VERIFIER = YES;
				GENERATE_INFOPLIST_FILE = YES;
				INFOPLIST_KEY_NSHumanReadableCopyright = "";
				INSTALL_PATH = "$(LOCAL_LIBRARY_DIR)/Frameworks";
				LD_RUNPATH_SEARCH_PATHS = (
					"$(inherited)",
					"@executable_path/Frameworks",
					"@loader_path/Frameworks",
				);
				MARKETING_VERSION = 1.0;
				MODULE_VERIFIER_SUPPORTED_LANGUAGES = "objective-c objective-c++";
				MODULE_VERIFIER_SUPPORTED_LANGUAGE_STANDARDS = "gnu11 gnu++20";
				PRODUCT_BUNDLE_IDENTIFIER = com.muizidn.PlayRadar;
				PRODUCT_NAME = "$(TARGET_NAME:c99extidentifier)";
				SKIP_INSTALL = YES;
				SWIFT_EMIT_LOC_STRINGS = YES;
				SWIFT_VERSION = 5.0;
				TARGETED_DEVICE_FAMILY = "1,2";
				VERSIONING_SYSTEM = "apple-generic";
				VERSION_INFO_PREFIX = "";
			};
			name = Debug;
		};
		220C64F32A830A5200CA12B3 /* Release */ = {
			isa = XCBuildConfiguration;
			buildSettings = {
				CODE_SIGN_STYLE = Automatic;
				CURRENT_PROJECT_VERSION = 1;
				DEFINES_MODULE = YES;
				DEVELOPMENT_TEAM = SDSLU2QT5X;
				DYLIB_COMPATIBILITY_VERSION = 1;
				DYLIB_CURRENT_VERSION = 1;
				DYLIB_INSTALL_NAME_BASE = "@rpath";
				ENABLE_MODULE_VERIFIER = YES;
				GENERATE_INFOPLIST_FILE = YES;
				INFOPLIST_KEY_NSHumanReadableCopyright = "";
				INSTALL_PATH = "$(LOCAL_LIBRARY_DIR)/Frameworks";
				LD_RUNPATH_SEARCH_PATHS = (
					"$(inherited)",
					"@executable_path/Frameworks",
					"@loader_path/Frameworks",
				);
				MARKETING_VERSION = 1.0;
				MODULE_VERIFIER_SUPPORTED_LANGUAGES = "objective-c objective-c++";
				MODULE_VERIFIER_SUPPORTED_LANGUAGE_STANDARDS = "gnu11 gnu++20";
				PRODUCT_BUNDLE_IDENTIFIER = com.muizidn.PlayRadar;
				PRODUCT_NAME = "$(TARGET_NAME:c99extidentifier)";
				SKIP_INSTALL = YES;
				SWIFT_EMIT_LOC_STRINGS = YES;
				SWIFT_VERSION = 5.0;
				TARGETED_DEVICE_FAMILY = "1,2";
				VERSIONING_SYSTEM = "apple-generic";
				VERSION_INFO_PREFIX = "";
			};
			name = Release;
		};
		220C64F62A830A5200CA12B3 /* Debug */ = {
			isa = XCBuildConfiguration;
			buildSettings = {
				ALWAYS_EMBED_SWIFT_STANDARD_LIBRARIES = YES;
				CODE_SIGN_STYLE = Automatic;
				CURRENT_PROJECT_VERSION = 1;
				DEVELOPMENT_TEAM = SDSLU2QT5X;
				GENERATE_INFOPLIST_FILE = YES;
				MARKETING_VERSION = 1.0;
				PRODUCT_BUNDLE_IDENTIFIER = com.muizidn.PlayRadarTests;
				PRODUCT_NAME = "$(TARGET_NAME)";
				SWIFT_EMIT_LOC_STRINGS = NO;
				SWIFT_VERSION = 5.0;
				TARGETED_DEVICE_FAMILY = "1,2";
				TEST_HOST = "$(BUILT_PRODUCTS_DIR)/PlayRadarApp.app/$(BUNDLE_EXECUTABLE_FOLDER_PATH)/PlayRadarApp";
			};
			name = Debug;
		};
		220C64F72A830A5200CA12B3 /* Release */ = {
			isa = XCBuildConfiguration;
			buildSettings = {
				ALWAYS_EMBED_SWIFT_STANDARD_LIBRARIES = YES;
				CODE_SIGN_STYLE = Automatic;
				CURRENT_PROJECT_VERSION = 1;
				DEVELOPMENT_TEAM = SDSLU2QT5X;
				GENERATE_INFOPLIST_FILE = YES;
				MARKETING_VERSION = 1.0;
				PRODUCT_BUNDLE_IDENTIFIER = com.muizidn.PlayRadarTests;
				PRODUCT_NAME = "$(TARGET_NAME)";
				SWIFT_EMIT_LOC_STRINGS = NO;
				SWIFT_VERSION = 5.0;
				TARGETED_DEVICE_FAMILY = "1,2";
				TEST_HOST = "$(BUILT_PRODUCTS_DIR)/PlayRadarApp.app/$(BUNDLE_EXECUTABLE_FOLDER_PATH)/PlayRadarApp";
			};
			name = Release;
		};
/* End XCBuildConfiguration section */

/* Begin XCConfigurationList section */
		220C648F2A824F2500CA12B3 /* Build configuration list for PBXProject "PlayRadar" */ = {
			isa = XCConfigurationList;
			buildConfigurations = (
				220C64BF2A824F2700CA12B3 /* Debug */,
				220C64C02A824F2700CA12B3 /* Release */,
			);
			defaultConfigurationIsVisible = 0;
			defaultConfigurationName = Release;
		};
		220C64C12A824F2700CA12B3 /* Build configuration list for PBXNativeTarget "PlayRadarApp" */ = {
			isa = XCConfigurationList;
			buildConfigurations = (
				220C64C22A824F2700CA12B3 /* Debug */,
				220C64C32A824F2700CA12B3 /* Release */,
			);
			defaultConfigurationIsVisible = 0;
			defaultConfigurationName = Release;
		};
		220C64C42A824F2700CA12B3 /* Build configuration list for PBXNativeTarget "PlayRadarAppTests" */ = {
			isa = XCConfigurationList;
			buildConfigurations = (
				220C64C52A824F2700CA12B3 /* Debug */,
				220C64C62A824F2700CA12B3 /* Release */,
			);
			defaultConfigurationIsVisible = 0;
			defaultConfigurationName = Release;
		};
		220C64C72A824F2700CA12B3 /* Build configuration list for PBXNativeTarget "PlayRadarAppUITests" */ = {
			isa = XCConfigurationList;
			buildConfigurations = (
				220C64C82A824F2700CA12B3 /* Debug */,
				220C64C92A824F2700CA12B3 /* Release */,
			);
			defaultConfigurationIsVisible = 0;
			defaultConfigurationName = Release;
		};
		220C64F12A830A5200CA12B3 /* Build configuration list for PBXNativeTarget "PlayRadar" */ = {
			isa = XCConfigurationList;
			buildConfigurations = (
				220C64F22A830A5200CA12B3 /* Debug */,
				220C64F32A830A5200CA12B3 /* Release */,
			);
			defaultConfigurationIsVisible = 0;
			defaultConfigurationName = Release;
		};
		220C64F52A830A5200CA12B3 /* Build configuration list for PBXNativeTarget "PlayRadarTests" */ = {
			isa = XCConfigurationList;
			buildConfigurations = (
				220C64F62A830A5200CA12B3 /* Debug */,
				220C64F72A830A5200CA12B3 /* Release */,
			);
			defaultConfigurationIsVisible = 0;
			defaultConfigurationName = Release;
		};
/* End XCConfigurationList section */

/* Begin XCVersionGroup section */
		22B2C6532A83F9D800CFF952 /* PlayRadar.xcdatamodeld */ = {
			isa = XCVersionGroup;
			children = (
				22B2C6542A83F9D800CFF952 /* PlayRadar.xcdatamodel */,
			);
			currentVersion = 22B2C6542A83F9D800CFF952 /* PlayRadar.xcdatamodel */;
			path = PlayRadar.xcdatamodeld;
			sourceTree = "<group>";
			versionGroupType = wrapper.xcdatamodel;
		};
/* End XCVersionGroup section */
	};
	rootObject = 220C648C2A824F2500CA12B3 /* Project object */;
}
